# Generated by pub
# See https://dart.dev/tools/pub/glossary#lockfile
packages:
  async:
    dependency: transitive
    description:
      name: async
      sha256: "947bfcf187f74dbc5e146c9eb9c0f10c9f8b30743e341481c1e2ed3ecc18c20c"
      url: "https://pub.dev"
    source: hosted
    version: "2.11.0"
  boolean_selector:
    dependency: transitive
    description:
      name: boolean_selector
      sha256: "6cfb5af12253eaf2b368f07bacc5a80d1301a071c73360d746b7f2e32d762c66"
      url: "https://pub.dev"
    source: hosted
    version: "2.1.1"
  characters:
    dependency: transitive
    description:
      name: characters
      sha256: "04a925763edad70e8443c99234dc3328f442e811f1d8fd1a72f1c8ad0f69a605"
      url: "https://pub.dev"
    source: hosted
    version: "1.3.0"
  clock:
    dependency: transitive
    description:
      name: clock
      sha256: cb6d7f03e1de671e34607e909a7213e31d7752be4fb66a86d29fe1eb14bfb5cf
      url: "https://pub.dev"
    source: hosted
    version: "1.1.1"
  collection:
    dependency: transitive
    description:
      name: collection
      sha256: "4a07be6cb69c84d677a6c3096fcf960cc3285a8330b4603e0d463d15d9bd934c"
      url: "https://pub.dev"
    source: hosted
    version: "1.17.1"
  crypto:
    dependency: transitive
    description:
      name: crypto
      sha256: "8be10341257b613566fdc9fd073c46f7c032ed329b1c732bda17aca29f2366c8"
      url: "https://pub.dev"
    source: hosted
    version: "3.0.0"
  equatable:
    dependency: transitive
    description:
      name: equatable
      sha256: c2b87cb7756efdf69892005af546c56c0b5037f54d2a88269b4f347a505e3ca2
      url: "https://pub.dev"
    source: hosted
    version: "2.0.5"
  fake_async:
    dependency: transitive
    description:
      name: fake_async
      sha256: "511392330127add0b769b75a987850d136345d9227c6b94c96a04cf4a391bf78"
      url: "https://pub.dev"
    source: hosted
    version: "1.3.1"
  ffi:
    dependency: transitive
    description:
      name: ffi
      sha256: ed5337a5660c506388a9f012be0288fb38b49020ce2b45fe1f8b8323fe429f99
      url: "https://pub.dev"
    source: hosted
    version: "2.0.2"
  file:
    dependency: transitive
    description:
      name: file
      sha256: "9fd2163d866769f60f4df8ac1dc59f52498d810c356fe78022e383dd3c57c0e1"
      url: "https://pub.dev"
    source: hosted
    version: "6.1.0"
  float_column:
    dependency: transitive
    description:
      name: float_column
      sha256: "86a4e93877403627613001b95b00e2230d3095b29600fbb312fe8a745b61a8e0"
      url: "https://pub.dev"
    source: hosted
    version: "2.0.1"
  flutter:
    dependency: "direct main"
    description: flutter
    source: sdk
    version: "0.0.0"
  flutter_highlight:
    dependency: "direct main"
    description:
      name: flutter_highlight
      sha256: "7b96333867aa07e122e245c033b8ad622e4e3a42a1a2372cbb098a2541d8782c"
      url: "https://pub.dev"
    source: hosted
    version: "0.7.0"
  flutter_speed_dial:
    dependency: "direct main"
    description:
      name: flutter_speed_dial
      sha256: "698a037274a66dbae8697c265440e6acb6ab6cae9ac5f95c749e7944d8f28d41"
      url: "https://pub.dev"
    source: hosted
    version: "7.0.0"
  flutter_test:
    dependency: "direct dev"
    description: flutter
    source: sdk
    version: "0.0.0"
  flutter_web_plugins:
    dependency: transitive
    description: flutter
    source: sdk
    version: "0.0.0"
  google_fonts:
    dependency: "direct main"
    description:
      name: google_fonts
      sha256: e20ff62b158b96f392bfc8afe29dee1503c94fbea2cbe8186fd59b756b8ae982
      url: "https://pub.dev"
    source: hosted
    version: "5.1.0"
  highlight:
    dependency: transitive
    description:
      name: highlight
      sha256: "5353a83ffe3e3eca7df0abfb72dcf3fa66cc56b953728e7113ad4ad88497cf21"
      url: "https://pub.dev"
    source: hosted
    version: "0.7.0"
  http:
    dependency: transitive
    description:
      name: http
      sha256: "759d1a329847dd0f39226c688d3e06a6b8679668e350e2891a6474f8b4bb8525"
      url: "https://pub.dev"
    source: hosted
    version: "1.1.0"
  http_parser:
    dependency: transitive
    description:
      name: http_parser
      sha256: "2aa08ce0341cc9b354a498388e30986515406668dbcc4f7c950c3e715496693b"
      url: "https://pub.dev"
    source: hosted
    version: "4.0.2"
  js:
    dependency: transitive
    description:
      name: js
      sha256: f2c445dce49627136094980615a031419f7f3eb393237e4ecd97ac15dea343f3
      url: "https://pub.dev"
    source: hosted
    version: "0.6.7"
  matcher:
    dependency: transitive
    description:
      name: matcher
      sha256: "6501fbd55da300384b768785b83e5ce66991266cec21af89ab9ae7f5ce1c4cbb"
      url: "https://pub.dev"
    source: hosted
    version: "0.12.15"
  material_color_utilities:
    dependency: transitive
    description:
      name: material_color_utilities
      sha256: d92141dc6fe1dad30722f9aa826c7fbc896d021d792f80678280601aff8cf724
      url: "https://pub.dev"
    source: hosted
    version: "0.2.0"
  meta:
    dependency: transitive
    description:
      name: meta
      sha256: "3c74dbf8763d36539f114c799d8a2d87343b5067e9d796ca22b5eb8437090ee3"
      url: "https://pub.dev"
    source: hosted
    version: "1.9.1"
  path:
    dependency: transitive
    description:
      name: path
      sha256: "8829d8a55c13fc0e37127c29fedf290c102f4e40ae94ada574091fe0ff96c917"
      url: "https://pub.dev"
    source: hosted
    version: "1.8.3"
  path_provider:
    dependency: transitive
    description:
      name: path_provider
      sha256: "3087813781ab814e4157b172f1a11c46be20179fcc9bea043e0fba36bc0acaa2"
      url: "https://pub.dev"
    source: hosted
    version: "2.0.15"
  path_provider_android:
    dependency: transitive
    description:
      name: path_provider_android
      sha256: "2cec049d282c7f13c594b4a73976b0b4f2d7a1838a6dd5aaf7bd9719196bee86"
      url: "https://pub.dev"
    source: hosted
    version: "2.0.27"
  path_provider_foundation:
    dependency: transitive
    description:
      name: path_provider_foundation
      sha256: "916731ccbdce44d545414dd9961f26ba5fbaa74bcbb55237d8e65a623a8c7297"
      url: "https://pub.dev"
    source: hosted
    version: "2.2.4"
  path_provider_linux:
    dependency: transitive
    description:
      name: path_provider_linux
      sha256: ffbb8cc9ed2c9ec0e4b7a541e56fd79b138e8f47d2fb86815f15358a349b3b57
      url: "https://pub.dev"
    source: hosted
    version: "2.1.11"
  path_provider_platform_interface:
    dependency: transitive
    description:
      name: path_provider_platform_interface
      sha256: c2af5a8a6369992d915f8933dfc23172071001359d17896e83db8be57db8a397
      url: "https://pub.dev"
    source: hosted
    version: "2.0.1"
  path_provider_windows:
    dependency: transitive
    description:
      name: path_provider_windows
      sha256: "1cb68ba4cd3a795033de62ba1b7b4564dace301f952de6bfb3cd91b202b6ee96"
      url: "https://pub.dev"
    source: hosted
    version: "2.1.7"
  platform:
    dependency: transitive
    description:
      name: platform
      sha256: "4a451831508d7d6ca779f7ac6e212b4023dd5a7d08a27a63da33756410e32b76"
      url: "https://pub.dev"
    source: hosted
    version: "3.1.0"
  plugin_platform_interface:
    dependency: transitive
    description:
      name: plugin_platform_interface
      sha256: dbf0f707c78beedc9200146ad3cb0ab4d5da13c246336987be6940f026500d3a
      url: "https://pub.dev"
    source: hosted
    version: "2.1.3"
  process:
    dependency: transitive
    description:
      name: process
      sha256: dc3c073b5bc0db4e0f3dbc6b69f8e9cf2f336dafb3db996242ebdacf94c295dd
      url: "https://pub.dev"
    source: hosted
    version: "4.2.1"
  selectable:
    dependency: "direct main"
    description:
      name: selectable
      sha256: "18432ba915b3e82a367e6ec9038666e0cc3147336cba125a9aa5768dc84296eb"
      url: "https://pub.dev"
    source: hosted
    version: "0.3.0"
  sky_engine:
    dependency: transitive
    description: flutter
    source: sdk
    version: "0.0.99"
  source_span:
    dependency: transitive
    description:
      name: source_span
      sha256: dd904f795d4b4f3b870833847c461801f6750a9fa8e61ea5ac53f9422b31f250
      url: "https://pub.dev"
    source: hosted
    version: "1.9.1"
  stack_trace:
    dependency: transitive
    description:
      name: stack_trace
      sha256: c3c7d8edb15bee7f0f74debd4b9c5f3c2ea86766fe4178eb2a18eb30a0bdaed5
      url: "https://pub.dev"
    source: hosted
    version: "1.11.0"
  stream_channel:
    dependency: transitive
    description:
      name: stream_channel
      sha256: "83615bee9045c1d322bbbd1ba209b7a749c2cbcdcb3fdd1df8eb488b3279c1c8"
      url: "https://pub.dev"
    source: hosted
    version: "2.1.1"
  string_scanner:
    dependency: "direct main"
    description:
      name: string_scanner
      sha256: "556692adab6cfa87322a115640c11f13cb77b3f076ddcc5d6ae3c20242bedcde"
      url: "https://pub.dev"
    source: hosted
    version: "1.2.0"
  term_glyph:
    dependency: transitive
    description:
      name: term_glyph
      sha256: a29248a84fbb7c79282b40b8c72a1209db169a2e0542bce341da992fe1bc7e84
      url: "https://pub.dev"
    source: hosted
    version: "1.2.1"
  test_api:
    dependency: transitive
    description:
      name: test_api
      sha256: eb6ac1540b26de412b3403a163d919ba86f6a973fe6cc50ae3541b80092fdcfb
      url: "https://pub.dev"
    source: hosted
    version: "0.5.1"
  typed_data:
    dependency: transitive
    description:
      name: typed_data
      sha256: "53bdf7e979cfbf3e28987552fd72f637e63f3c8724c9e56d9246942dc2fa36ee"
      url: "https://pub.dev"
    source: hosted
    version: "1.3.0"
  url_launcher:
    dependency: "direct main"
    description:
      name: url_launcher
      sha256: "781bd58a1eb16069412365c98597726cd8810ae27435f04b3b4d3a470bacd61e"
      url: "https://pub.dev"
    source: hosted
    version: "6.1.12"
  url_launcher_android:
    dependency: transitive
    description:
      name: url_launcher_android
      sha256: "9e262cbec69233717d5198f4d0b0c4961fa027e3685ba425442c43c64f38bb9b"
      url: "https://pub.dev"
    source: hosted
    version: "6.0.19"
  url_launcher_ios:
    dependency: transitive
    description:
      name: url_launcher_ios
      sha256: "9af7ea73259886b92199f9e42c116072f05ff9bea2dcb339ab935dfc957392c2"
      url: "https://pub.dev"
    source: hosted
    version: "6.1.4"
  url_launcher_linux:
    dependency: transitive
    description:
      name: url_launcher_linux
      sha256: "86f3f393cde6bed2a05bfc7f05e52aeaf4f9911a3ad9ff78a42e89e57e5a264a"
      url: "https://pub.dev"
    source: hosted
    version: "2.0.0"
  url_launcher_macos:
    dependency: transitive
    description:
      name: url_launcher_macos
      sha256: f72b523da791d519aed53c12fd99c7dc50fdd1e4913da904081f3666d06334b5
      url: "https://pub.dev"
    source: hosted
    version: "2.0.0"
  url_launcher_platform_interface:
    dependency: transitive
    description:
      name: url_launcher_platform_interface
      sha256: bfdfa402f1f3298637d71ca8ecfe840b4696698213d5346e9d12d4ab647ee2ea
      url: "https://pub.dev"
    source: hosted
    version: "2.1.3"
  url_launcher_web:
    dependency: transitive
    description:
      name: url_launcher_web
      sha256: "057e3458dfcc4276d171ae70cd98efc6d2485bf39b93a015349754e5dec0f657"
      url: "https://pub.dev"
    source: hosted
    version: "2.0.0"
  url_launcher_windows:
    dependency: transitive
    description:
      name: url_launcher_windows
      sha256: f98b970a12236957881fa28df0c6700f03d9dc5f471cf5ca6d205b77e7ad92d2
      url: "https://pub.dev"
    source: hosted
    version: "2.0.0"
  vector_math:
    dependency: transitive
    description:
      name: vector_math
      sha256: "80b3257d1492ce4d091729e3a67a60407d227c27241d6927be0130c98e741803"
      url: "https://pub.dev"
    source: hosted
    version: "2.1.4"
  win32:
    dependency: transitive
    description:
      name: win32
      sha256: f2add6fa510d3ae152903412227bda57d0d5a8da61d2c39c1fb022c9429a41c0
      url: "https://pub.dev"
    source: hosted
    version: "5.0.6"
  xdg_directories:
    dependency: transitive
    description:
      name: xdg_directories
      sha256: "0186b3f2d66be9a12b0295bddcf8b6f8c0b0cc2f85c6287344e2a6366bc28457"
      url: "https://pub.dev"
    source: hosted
    version: "0.2.0"
sdks:
  dart: ">=3.0.0 <4.0.0"
  flutter: ">=3.10.0"
