PODS:
  - abseil/algorithm (0.20200225.0):
    - abseil/algorithm/algorithm (= 0.20200225.0)
    - abseil/algorithm/container (= 0.20200225.0)
  - abseil/algorithm/algorithm (0.20200225.0):
    - abseil/base/config
  - abseil/algorithm/container (0.20200225.0):
    - abseil/algorithm/algorithm
    - abseil/base/core_headers
    - abseil/meta/type_traits
  - abseil/base (0.20200225.0):
    - abseil/base/atomic_hook (= 0.20200225.0)
    - abseil/base/base (= 0.20200225.0)
    - abseil/base/base_internal (= 0.20200225.0)
    - abseil/base/bits (= 0.20200225.0)
    - abseil/base/config (= 0.20200225.0)
    - abseil/base/core_headers (= 0.20200225.0)
    - abseil/base/dynamic_annotations (= 0.20200225.0)
    - abseil/base/endian (= 0.20200225.0)
    - abseil/base/errno_saver (= 0.20200225.0)
    - abseil/base/exponential_biased (= 0.20200225.0)
    - abseil/base/log_severity (= 0.20200225.0)
    - abseil/base/malloc_internal (= 0.20200225.0)
    - abseil/base/periodic_sampler (= 0.20200225.0)
    - abseil/base/pretty_function (= 0.20200225.0)
    - abseil/base/raw_logging_internal (= 0.20200225.0)
    - abseil/base/spinlock_wait (= 0.20200225.0)
    - abseil/base/throw_delegate (= 0.20200225.0)
  - abseil/base/atomic_hook (0.20200225.0):
    - abseil/base/config
    - abseil/base/core_headers
  - abseil/base/base (0.20200225.0):
    - abseil/base/atomic_hook
    - abseil/base/base_internal
    - abseil/base/config
    - abseil/base/core_headers
    - abseil/base/dynamic_annotations
    - abseil/base/log_severity
    - abseil/base/raw_logging_internal
    - abseil/base/spinlock_wait
    - abseil/meta/type_traits
  - abseil/base/base_internal (0.20200225.0):
    - abseil/base/config
    - abseil/meta/type_traits
  - abseil/base/bits (0.20200225.0):
    - abseil/base/config
    - abseil/base/core_headers
  - abseil/base/config (0.20200225.0)
  - abseil/base/core_headers (0.20200225.0):
    - abseil/base/config
  - abseil/base/dynamic_annotations (0.20200225.0)
  - abseil/base/endian (0.20200225.0):
    - abseil/base/config
    - abseil/base/core_headers
  - abseil/base/errno_saver (0.20200225.0):
    - abseil/base/config
  - abseil/base/exponential_biased (0.20200225.0):
    - abseil/base/config
    - abseil/base/core_headers
  - abseil/base/log_severity (0.20200225.0):
    - abseil/base/config
    - abseil/base/core_headers
  - abseil/base/malloc_internal (0.20200225.0):
    - abseil/base/base
    - abseil/base/base_internal
    - abseil/base/config
    - abseil/base/core_headers
    - abseil/base/dynamic_annotations
    - abseil/base/raw_logging_internal
  - abseil/base/periodic_sampler (0.20200225.0):
    - abseil/base/core_headers
    - abseil/base/exponential_biased
  - abseil/base/pretty_function (0.20200225.0)
  - abseil/base/raw_logging_internal (0.20200225.0):
    - abseil/base/atomic_hook
    - abseil/base/config
    - abseil/base/core_headers
    - abseil/base/log_severity
  - abseil/base/spinlock_wait (0.20200225.0):
    - abseil/base/base_internal
    - abseil/base/core_headers
    - abseil/base/errno_saver
  - abseil/base/throw_delegate (0.20200225.0):
    - abseil/base/config
    - abseil/base/raw_logging_internal
  - abseil/container/common (0.20200225.0):
    - abseil/meta/type_traits
    - abseil/types/optional
  - abseil/container/compressed_tuple (0.20200225.0):
    - abseil/utility/utility
  - abseil/container/container_memory (0.20200225.0):
    - abseil/memory/memory
    - abseil/utility/utility
  - abseil/container/fixed_array (0.20200225.0):
    - abseil/algorithm/algorithm
    - abseil/base/core_headers
    - abseil/base/dynamic_annotations
    - abseil/base/throw_delegate
    - abseil/container/compressed_tuple
    - abseil/memory/memory
  - abseil/container/flat_hash_map (0.20200225.0):
    - abseil/algorithm/container
    - abseil/container/container_memory
    - abseil/container/hash_function_defaults
    - abseil/container/raw_hash_map
    - abseil/memory/memory
  - abseil/container/hash_function_defaults (0.20200225.0):
    - abseil/base/config
    - abseil/hash/hash
    - abseil/strings/strings
  - abseil/container/hash_policy_traits (0.20200225.0):
    - abseil/meta/type_traits
  - abseil/container/hashtable_debug_hooks (0.20200225.0):
    - abseil/base/config
  - abseil/container/hashtablez_sampler (0.20200225.0):
    - abseil/base/base
    - abseil/base/core_headers
    - abseil/base/exponential_biased
    - abseil/container/have_sse
    - abseil/debugging/stacktrace
    - abseil/memory/memory
    - abseil/synchronization/synchronization
    - abseil/utility/utility
  - abseil/container/have_sse (0.20200225.0)
  - abseil/container/inlined_vector (0.20200225.0):
    - abseil/algorithm/algorithm
    - abseil/base/core_headers
    - abseil/base/throw_delegate
    - abseil/container/inlined_vector_internal
    - abseil/memory/memory
  - abseil/container/inlined_vector_internal (0.20200225.0):
    - abseil/base/core_headers
    - abseil/container/compressed_tuple
    - abseil/memory/memory
    - abseil/meta/type_traits
    - abseil/types/span
  - abseil/container/layout (0.20200225.0):
    - abseil/base/core_headers
    - abseil/meta/type_traits
    - abseil/strings/strings
    - abseil/types/span
    - abseil/utility/utility
  - abseil/container/raw_hash_map (0.20200225.0):
    - abseil/base/throw_delegate
    - abseil/container/container_memory
    - abseil/container/raw_hash_set
  - abseil/container/raw_hash_set (0.20200225.0):
    - abseil/base/bits
    - abseil/base/config
    - abseil/base/core_headers
    - abseil/base/endian
    - abseil/container/common
    - abseil/container/compressed_tuple
    - abseil/container/container_memory
    - abseil/container/hash_policy_traits
    - abseil/container/hashtable_debug_hooks
    - abseil/container/hashtablez_sampler
    - abseil/container/have_sse
    - abseil/container/layout
    - abseil/memory/memory
    - abseil/meta/type_traits
    - abseil/utility/utility
  - abseil/debugging/debugging_internal (0.20200225.0):
    - abseil/base/config
    - abseil/base/core_headers
    - abseil/base/dynamic_annotations
    - abseil/base/errno_saver
    - abseil/base/raw_logging_internal
  - abseil/debugging/demangle_internal (0.20200225.0):
    - abseil/base/base
    - abseil/base/config
    - abseil/base/core_headers
  - abseil/debugging/stacktrace (0.20200225.0):
    - abseil/base/config
    - abseil/base/core_headers
    - abseil/debugging/debugging_internal
  - abseil/debugging/symbolize (0.20200225.0):
    - abseil/base/base
    - abseil/base/config
    - abseil/base/core_headers
    - abseil/base/dynamic_annotations
    - abseil/base/malloc_internal
    - abseil/base/raw_logging_internal
    - abseil/debugging/debugging_internal
    - abseil/debugging/demangle_internal
  - abseil/hash/city (0.20200225.0):
    - abseil/base/config
    - abseil/base/core_headers
    - abseil/base/endian
  - abseil/hash/hash (0.20200225.0):
    - abseil/base/core_headers
    - abseil/base/endian
    - abseil/container/fixed_array
    - abseil/hash/city
    - abseil/meta/type_traits
    - abseil/numeric/int128
    - abseil/strings/strings
    - abseil/types/optional
    - abseil/types/variant
    - abseil/utility/utility
  - abseil/memory (0.20200225.0):
    - abseil/memory/memory (= 0.20200225.0)
  - abseil/memory/memory (0.20200225.0):
    - abseil/base/core_headers
    - abseil/meta/type_traits
  - abseil/meta (0.20200225.0):
    - abseil/meta/type_traits (= 0.20200225.0)
  - abseil/meta/type_traits (0.20200225.0):
    - abseil/base/config
  - abseil/numeric/int128 (0.20200225.0):
    - abseil/base/config
    - abseil/base/core_headers
  - abseil/strings/internal (0.20200225.0):
    - abseil/base/config
    - abseil/base/core_headers
    - abseil/base/endian
    - abseil/base/raw_logging_internal
    - abseil/meta/type_traits
  - abseil/strings/str_format (0.20200225.0):
    - abseil/strings/str_format_internal
  - abseil/strings/str_format_internal (0.20200225.0):
    - abseil/base/config
    - abseil/base/core_headers
    - abseil/meta/type_traits
    - abseil/numeric/int128
    - abseil/strings/strings
    - abseil/types/span
  - abseil/strings/strings (0.20200225.0):
    - abseil/base/base
    - abseil/base/bits
    - abseil/base/config
    - abseil/base/core_headers
    - abseil/base/endian
    - abseil/base/raw_logging_internal
    - abseil/base/throw_delegate
    - abseil/memory/memory
    - abseil/meta/type_traits
    - abseil/numeric/int128
    - abseil/strings/internal
  - abseil/synchronization/graphcycles_internal (0.20200225.0):
    - abseil/base/base
    - abseil/base/base_internal
    - abseil/base/config
    - abseil/base/core_headers
    - abseil/base/malloc_internal
    - abseil/base/raw_logging_internal
  - abseil/synchronization/kernel_timeout_internal (0.20200225.0):
    - abseil/base/core_headers
    - abseil/base/raw_logging_internal
    - abseil/time/time
  - abseil/synchronization/synchronization (0.20200225.0):
    - abseil/base/atomic_hook
    - abseil/base/base
    - abseil/base/base_internal
    - abseil/base/config
    - abseil/base/core_headers
    - abseil/base/dynamic_annotations
    - abseil/base/malloc_internal
    - abseil/base/raw_logging_internal
    - abseil/debugging/stacktrace
    - abseil/debugging/symbolize
    - abseil/synchronization/graphcycles_internal
    - abseil/synchronization/kernel_timeout_internal
    - abseil/time/time
  - abseil/time (0.20200225.0):
    - abseil/time/internal (= 0.20200225.0)
    - abseil/time/time (= 0.20200225.0)
  - abseil/time/internal (0.20200225.0):
    - abseil/time/internal/cctz (= 0.20200225.0)
  - abseil/time/internal/cctz (0.20200225.0):
    - abseil/time/internal/cctz/civil_time (= 0.20200225.0)
    - abseil/time/internal/cctz/time_zone (= 0.20200225.0)
  - abseil/time/internal/cctz/civil_time (0.20200225.0):
    - abseil/base/config
  - abseil/time/internal/cctz/time_zone (0.20200225.0):
    - abseil/base/config
    - abseil/time/internal/cctz/civil_time
  - abseil/time/time (0.20200225.0):
    - abseil/base/base
    - abseil/base/core_headers
    - abseil/base/raw_logging_internal
    - abseil/numeric/int128
    - abseil/strings/strings
    - abseil/time/internal/cctz/civil_time
    - abseil/time/internal/cctz/time_zone
  - abseil/types (0.20200225.0):
    - abseil/types/any (= 0.20200225.0)
    - abseil/types/bad_any_cast (= 0.20200225.0)
    - abseil/types/bad_any_cast_impl (= 0.20200225.0)
    - abseil/types/bad_optional_access (= 0.20200225.0)
    - abseil/types/bad_variant_access (= 0.20200225.0)
    - abseil/types/compare (= 0.20200225.0)
    - abseil/types/optional (= 0.20200225.0)
    - abseil/types/span (= 0.20200225.0)
    - abseil/types/variant (= 0.20200225.0)
  - abseil/types/any (0.20200225.0):
    - abseil/base/config
    - abseil/base/core_headers
    - abseil/meta/type_traits
    - abseil/types/bad_any_cast
    - abseil/utility/utility
  - abseil/types/bad_any_cast (0.20200225.0):
    - abseil/base/config
    - abseil/types/bad_any_cast_impl
  - abseil/types/bad_any_cast_impl (0.20200225.0):
    - abseil/base/config
    - abseil/base/raw_logging_internal
  - abseil/types/bad_optional_access (0.20200225.0):
    - abseil/base/config
    - abseil/base/raw_logging_internal
  - abseil/types/bad_variant_access (0.20200225.0):
    - abseil/base/config
    - abseil/base/raw_logging_internal
  - abseil/types/compare (0.20200225.0):
    - abseil/base/core_headers
    - abseil/meta/type_traits
  - abseil/types/optional (0.20200225.0):
    - abseil/base/base_internal
    - abseil/base/config
    - abseil/base/core_headers
    - abseil/memory/memory
    - abseil/meta/type_traits
    - abseil/types/bad_optional_access
    - abseil/utility/utility
  - abseil/types/span (0.20200225.0):
    - abseil/algorithm/algorithm
    - abseil/base/core_headers
    - abseil/base/throw_delegate
    - abseil/meta/type_traits
  - abseil/types/variant (0.20200225.0):
    - abseil/base/base_internal
    - abseil/base/config
    - abseil/base/core_headers
    - abseil/meta/type_traits
    - abseil/types/bad_variant_access
    - abseil/utility/utility
  - abseil/utility/utility (0.20200225.0):
    - abseil/base/base_internal
    - abseil/base/config
    - abseil/meta/type_traits
  - AppAuth (1.4.0):
    - AppAuth/Core (= 1.4.0)
    - AppAuth/ExternalUserAgent (= 1.4.0)
  - AppAuth/Core (1.4.0)
  - AppAuth/ExternalUserAgent (1.4.0)
  - BoringSSL-GRPC (0.0.7):
    - BoringSSL-GRPC/Implementation (= 0.0.7)
    - BoringSSL-GRPC/Interface (= 0.0.7)
  - BoringSSL-GRPC/Implementation (0.0.7):
    - BoringSSL-GRPC/Interface (= 0.0.7)
  - BoringSSL-GRPC/Interface (0.0.7)
  - cloud_firestore (3.1.5):
    - Firebase/Firestore (= 8.9.0)
    - firebase_core
    - Flutter
  - edge_detection (1.0.7):
    - Flutter
    - WeScan
  - Firebase/Analytics (8.9.0):
    - Firebase/Core
  - Firebase/Auth (8.9.0):
    - Firebase/CoreOnly
    - FirebaseAuth (~> 8.9.0)
  - Firebase/Core (8.9.0):
    - Firebase/CoreOnly
    - FirebaseAnalytics (~> 8.9.0)
  - Firebase/CoreOnly (8.9.0):
    - FirebaseCore (= 8.9.0)
  - Firebase/Database (8.9.0):
    - Firebase/CoreOnly
    - FirebaseDatabase (~> 8.9.0)
  - Firebase/Firestore (8.9.0):
    - Firebase/CoreOnly
    - FirebaseFirestore (~> 8.9.0)
  - Firebase/Storage (8.9.0):
    - Firebase/CoreOnly
    - FirebaseStorage (~> 8.9.0)
  - firebase_analytics (9.0.4):
    - Firebase/Analytics (= 8.9.0)
    - firebase_core
    - Flutter
  - firebase_auth (3.3.4):
    - Firebase/Auth (= 8.9.0)
    - firebase_core
    - Flutter
  - firebase_core (1.10.6):
    - Firebase/CoreOnly (= 8.9.0)
    - Flutter
  - firebase_database (9.0.4):
    - Firebase/Database (= 8.9.0)
    - firebase_core
    - Flutter
  - firebase_storage (10.2.4):
    - Firebase/Storage (= 8.9.0)
    - firebase_core
    - Flutter
  - FirebaseAnalytics (8.9.1):
    - FirebaseAnalytics/AdIdSupport (= 8.9.1)
    - FirebaseCore (~> 8.0)
    - FirebaseInstallations (~> 8.0)
    - GoogleUtilities/AppDelegateSwizzler (~> 7.6)
    - GoogleUtilities/MethodSwizzler (~> 7.6)
    - GoogleUtilities/Network (~> 7.6)
    - "GoogleUtilities/NSData+zlib (~> 7.6)"
    - nanopb (~> 2.30908.0)
  - FirebaseAnalytics/AdIdSupport (8.9.1):
    - FirebaseCore (~> 8.0)
    - FirebaseInstallations (~> 8.0)
    - GoogleAppMeasurement (= 8.9.1)
    - GoogleUtilities/AppDelegateSwizzler (~> 7.6)
    - GoogleUtilities/MethodSwizzler (~> 7.6)
    - GoogleUtilities/Network (~> 7.6)
    - "GoogleUtilities/NSData+zlib (~> 7.6)"
    - nanopb (~> 2.30908.0)
  - FirebaseAuth (8.9.0):
    - FirebaseCore (~> 8.0)
    - GoogleUtilities/AppDelegateSwizzler (~> 7.6)
    - GoogleUtilities/Environment (~> 7.6)
    - GTMSessionFetcher/Core (~> 1.5)
  - FirebaseCore (8.9.0):
    - FirebaseCoreDiagnostics (~> 8.0)
    - GoogleUtilities/Environment (~> 7.6)
    - GoogleUtilities/Logger (~> 7.6)
  - FirebaseCoreDiagnostics (8.10.0):
    - GoogleDataTransport (~> 9.1)
    - GoogleUtilities/Environment (~> 7.6)
    - GoogleUtilities/Logger (~> 7.6)
    - nanopb (~> 2.30908.0)
  - FirebaseDatabase (8.9.0):
    - FirebaseCore (~> 8.0)
    - leveldb-library (~> 1.22)
  - FirebaseFirestore (8.9.1):
    - abseil/algorithm (= 0.20200225.0)
    - abseil/base (= 0.20200225.0)
    - abseil/container/flat_hash_map (= 0.20200225.0)
    - abseil/memory (= 0.20200225.0)
    - abseil/meta (= 0.20200225.0)
    - abseil/strings/strings (= 0.20200225.0)
    - abseil/time (= 0.20200225.0)
    - abseil/types (= 0.20200225.0)
    - FirebaseCore (~> 8.0)
    - "gRPC-C++ (~> 1.28.0)"
    - leveldb-library (~> 1.22)
    - nanopb (~> 2.30908.0)
  - FirebaseInstallations (8.10.0):
    - FirebaseCore (~> 8.0)
    - GoogleUtilities/Environment (~> 7.6)
    - GoogleUtilities/UserDefaults (~> 7.6)
    - PromisesObjC (< 3.0, >= 1.2)
  - FirebaseStorage (8.9.0):
    - FirebaseCore (~> 8.0)
    - GTMSessionFetcher/Core (~> 1.5)
  - Flutter (1.0.0)
  - flutter_webview_plugin (0.0.1):
    - Flutter
  - fluttertoast (0.0.2):
    - Flutter
    - Toast
  - FMDB (2.7.5):
    - FMDB/standard (= 2.7.5)
  - FMDB/standard (2.7.5)
  - google_ml_kit (0.6.0):
    - Flutter
    - GoogleMLKit/BarcodeScanning (~> 2.2.0)
    - GoogleMLKit/DigitalInkRecognition (~> 2.2.0)
    - GoogleMLKit/FaceDetection (~> 2.2.0)
    - GoogleMLKit/ImageLabeling (~> 2.2.0)
    - GoogleMLKit/ImageLabelingCustom (~> 2.2.0)
    - GoogleMLKit/LanguageID (~> 2.2.0)
    - GoogleMLKit/LinkFirebase (~> 2.2.0)
    - GoogleMLKit/PoseDetection (~> 2.2.0)
    - GoogleMLKit/PoseDetectionAccurate (~> 2.2.0)
    - GoogleMLKit/TextRecognition (~> 2.2.0)
  - google_sign_in (0.0.1):
    - Flutter
    - GoogleSignIn (~> 5.0)
  - GoogleAppMeasurement (8.9.1):
    - GoogleAppMeasurement/AdIdSupport (= 8.9.1)
    - GoogleUtilities/AppDelegateSwizzler (~> 7.6)
    - GoogleUtilities/MethodSwizzler (~> 7.6)
    - GoogleUtilities/Network (~> 7.6)
    - "GoogleUtilities/NSData+zlib (~> 7.6)"
    - nanopb (~> 2.30908.0)
  - GoogleAppMeasurement/AdIdSupport (8.9.1):
    - GoogleAppMeasurement/WithoutAdIdSupport (= 8.9.1)
    - GoogleUtilities/AppDelegateSwizzler (~> 7.6)
    - GoogleUtilities/MethodSwizzler (~> 7.6)
    - GoogleUtilities/Network (~> 7.6)
    - "GoogleUtilities/NSData+zlib (~> 7.6)"
    - nanopb (~> 2.30908.0)
  - GoogleAppMeasurement/WithoutAdIdSupport (8.9.1):
    - GoogleUtilities/AppDelegateSwizzler (~> 7.6)
    - GoogleUtilities/MethodSwizzler (~> 7.6)
    - GoogleUtilities/Network (~> 7.6)
    - "GoogleUtilities/NSData+zlib (~> 7.6)"
    - nanopb (~> 2.30908.0)
  - GoogleDataTransport (9.1.2):
    - GoogleUtilities/Environment (~> 7.2)
    - nanopb (~> 2.30908.0)
    - PromisesObjC (< 3.0, >= 1.2)
  - GoogleMLKit/BarcodeScanning (2.2.0):
    - GoogleMLKit/MLKitCore
    - MLKitBarcodeScanning (~> 1.3.0)
  - GoogleMLKit/DigitalInkRecognition (2.2.0):
    - GoogleMLKit/MLKitCore
    - MLKitDigitalInkRecognition (~> 1.3.0)
  - GoogleMLKit/FaceDetection (2.2.0):
    - GoogleMLKit/MLKitCore
    - MLKitFaceDetection (~> 1.3.0)
  - GoogleMLKit/ImageLabeling (2.2.0):
    - GoogleMLKit/MLKitCore
    - MLKitImageLabeling (~> 1.3.0)
  - GoogleMLKit/ImageLabelingCustom (2.2.0):
    - GoogleMLKit/MLKitCore
    - MLKitImageLabelingCustom (~> 1.3.0)
  - GoogleMLKit/LanguageID (2.2.0):
    - GoogleMLKit/MLKitCore
    - MLKitLanguageID (~> 1.3.0)
  - GoogleMLKit/LinkFirebase (2.2.0):
    - GoogleMLKit/MLKitCore
    - MLKitLinkFirebase (~> 1.3.0)
  - GoogleMLKit/MLKitCore (2.2.0):
    - MLKitCommon (~> 3.0.0)
  - GoogleMLKit/PoseDetection (2.2.0):
    - GoogleMLKit/MLKitCore
    - MLKitPoseDetection (~> 1.0.0-beta4)
  - GoogleMLKit/PoseDetectionAccurate (2.2.0):
    - GoogleMLKit/MLKitCore
    - MLKitPoseDetectionAccurate (~> 1.0.0-beta4)
  - GoogleMLKit/TextRecognition (2.2.0):
    - GoogleMLKit/MLKitCore
    - MLKitTextRecognition (~> 1.3.0)
  - GoogleSignIn (5.0.2):
    - AppAuth (~> 1.2)
    - GTMAppAuth (~> 1.0)
    - GTMSessionFetcher/Core (~> 1.1)
  - GoogleToolboxForMac/DebugUtils (2.3.2):
    - GoogleToolboxForMac/Defines (= 2.3.2)
  - GoogleToolboxForMac/Defines (2.3.2)
  - GoogleToolboxForMac/Logger (2.3.2):
    - GoogleToolboxForMac/Defines (= 2.3.2)
  - "GoogleToolboxForMac/NSData+zlib (2.3.2)":
    - GoogleToolboxForMac/Defines (= 2.3.2)
  - "GoogleToolboxForMac/NSDictionary+URLArguments (2.3.2)":
    - GoogleToolboxForMac/DebugUtils (= 2.3.2)
    - GoogleToolboxForMac/Defines (= 2.3.2)
    - "GoogleToolboxForMac/NSString+URLArguments (= 2.3.2)"
  - "GoogleToolboxForMac/NSString+URLArguments (2.3.2)"
  - GoogleToolboxForMac/StringEncoding (2.3.2):
    - GoogleToolboxForMac/Defines (= 2.3.2)
  - GoogleUtilities/AppDelegateSwizzler (7.6.0):
    - GoogleUtilities/Environment
    - GoogleUtilities/Logger
    - GoogleUtilities/Network
  - GoogleUtilities/Environment (7.6.0):
    - PromisesObjC (< 3.0, >= 1.2)
  - GoogleUtilities/Logger (7.6.0):
    - GoogleUtilities/Environment
  - GoogleUtilities/MethodSwizzler (7.6.0):
    - GoogleUtilities/Logger
  - GoogleUtilities/Network (7.6.0):
    - GoogleUtilities/Logger
    - "GoogleUtilities/NSData+zlib"
    - GoogleUtilities/Reachability
  - "GoogleUtilities/NSData+zlib (7.6.0)"
  - GoogleUtilities/Reachability (7.6.0):
    - GoogleUtilities/Logger
  - GoogleUtilities/UserDefaults (7.6.0):
    - GoogleUtilities/Logger
  - GoogleUtilitiesComponents (1.1.0):
    - GoogleUtilities/Logger
  - "gRPC-C++ (1.28.2)":
    - "gRPC-C++/Implementation (= 1.28.2)"
    - "gRPC-C++/Interface (= 1.28.2)"
  - "gRPC-C++/Implementation (1.28.2)":
    - abseil/container/inlined_vector (= 0.20200225.0)
    - abseil/memory/memory (= 0.20200225.0)
    - abseil/strings/str_format (= 0.20200225.0)
    - abseil/strings/strings (= 0.20200225.0)
    - abseil/types/optional (= 0.20200225.0)
    - "gRPC-C++/Interface (= 1.28.2)"
    - gRPC-Core (= 1.28.2)
  - "gRPC-C++/Interface (1.28.2)"
  - gRPC-Core (1.28.2):
    - gRPC-Core/Implementation (= 1.28.2)
    - gRPC-Core/Interface (= 1.28.2)
  - gRPC-Core/Implementation (1.28.2):
    - abseil/container/inlined_vector (= 0.20200225.0)
    - abseil/memory/memory (= 0.20200225.0)
    - abseil/strings/str_format (= 0.20200225.0)
    - abseil/strings/strings (= 0.20200225.0)
    - abseil/types/optional (= 0.20200225.0)
    - BoringSSL-GRPC (= 0.0.7)
    - gRPC-Core/Interface (= 1.28.2)
  - gRPC-Core/Interface (1.28.2)
  - GTMAppAuth (1.2.2):
    - AppAuth/Core (~> 1.4)
    - GTMSessionFetcher/Core (~> 1.5)
  - GTMSessionFetcher/Core (1.7.0)
  - image_picker (0.0.1):
    - Flutter
  - leveldb-library (1.22.1)
  - local_auth (0.0.1):
    - Flutter
  - MLImage (1.0.0-beta1)
  - MLKitBarcodeScanning (1.3.0):
    - MLKitCommon (~> 3.0)
    - MLKitVision (~> 1.3)
  - MLKitCommon (3.0.0):
    - GoogleDataTransport (~> 9.0)
    - GoogleToolboxForMac/Logger (~> 2.1)
    - "GoogleToolboxForMac/NSData+zlib (~> 2.1)"
    - "GoogleToolboxForMac/NSDictionary+URLArguments (~> 2.1)"
    - GoogleUtilities/UserDefaults (~> 7.0)
    - GoogleUtilitiesComponents (~> 1.0)
    - GTMSessionFetcher/Core (~> 1.1)
    - Protobuf (~> 3.12)
  - MLKitDigitalInkRecognition (1.3.0):
    - MLKitCommon (~> 3.0)
    - MLKitMDD (~> 1.3)
    - SSZipArchive (~> 2.1)
  - MLKitFaceDetection (1.3.0):
    - MLKitCommon (~> 3.0)
    - MLKitVision (~> 1.3)
  - MLKitImageLabeling (1.3.0):
    - MLKitCommon (~> 3.0)
    - MLKitImageLabelingCommon (~> 1.3)
    - MLKitVision (~> 1.3)
    - MLKitVisionKit (~> 2.2)
  - MLKitImageLabelingCommon (1.3.0):
    - MLKitCommon (~> 3.0)
    - MLKitVision (~> 1.3)
  - MLKitImageLabelingCustom (1.3.0):
    - MLKitCommon (~> 3.0)
    - MLKitImageLabelingCommon (~> 1.3)
    - MLKitVision (~> 1.3)
    - MLKitVisionKit (~> 2.2)
  - MLKitLanguageID (1.3.0):
    - MLKitNaturalLanguage (~> 1.3)
  - MLKitLinkFirebase (1.3.0):
    - FirebaseCore (~> 8.0)
    - FirebaseInstallations (~> 8.0)
    - GTMSessionFetcher/Core (~> 1.1)
    - MLKitCommon (~> 3.0)
  - MLKitMDD (1.3.0):
    - MLKitCommon (~> 3.0)
  - MLKitNaturalLanguage (1.3.0):
    - GoogleToolboxForMac/Logger (~> 2.1)
    - "GoogleToolboxForMac/NSData+zlib (~> 2.1)"
    - "GoogleToolboxForMac/NSDictionary+URLArguments (~> 2.1)"
    - GoogleToolboxForMac/StringEncoding (~> 2.1)
    - GTMSessionFetcher/Core (~> 1.1)
    - MLKitCommon (~> 3.0)
    - Protobuf (~> 3.12)
  - MLKitObjectDetectionCommon (1.3.0):
    - MLKitCommon (~> 3.0)
    - MLKitVision (~> 1.3)
  - MLKitPoseDetection (1.0.0-beta4):
    - MLKitCommon (~> 3.0)
    - MLKitPoseDetectionCommon (= 1.0.0-beta4)
    - MLKitXenoCommon (= 1.0.0-beta4)
  - MLKitPoseDetectionAccurate (1.0.0-beta4):
    - MLKitCommon (~> 3.0)
    - MLKitPoseDetectionCommon (= 1.0.0-beta4)
    - MLKitXenoCommon (= 1.0.0-beta4)
  - MLKitPoseDetectionCommon (1.0.0-beta4):
    - MLKitCommon (~> 3.0)
    - MLKitXenoCommon (= 1.0.0-beta4)
  - MLKitTextRecognition (1.3.0):
    - MLKitCommon (~> 3.0)
    - MLKitVision (~> 1.3)
  - MLKitVision (1.3.0):
    - GoogleToolboxForMac/Logger (~> 2.1)
    - "GoogleToolboxForMac/NSData+zlib (~> 2.1)"
    - GTMSessionFetcher/Core (~> 1.1)
    - MLImage (= 1.0.0-beta1)
    - MLKitCommon (~> 3.0)
    - Protobuf (~> 3.12)
  - MLKitVisionKit (2.2.0):
    - MLKitCommon (~> 3.0)
    - MLKitImageLabelingCommon (~> 1.3)
    - MLKitObjectDetectionCommon (~> 1.3)
    - MLKitVision (~> 1.3)
  - MLKitXenoCommon (1.0.0-beta4):
    - MLKitCommon (~> 3.0)
    - MLKitVision (~> 1.3)
  - nanopb (2.30908.0):
    - nanopb/decode (= 2.30908.0)
    - nanopb/encode (= 2.30908.0)
  - nanopb/decode (2.30908.0)
  - nanopb/encode (2.30908.0)
  - package_info (0.0.1):
    - Flutter
  - path_provider_ios (0.0.1):
    - Flutter
  - PromisesObjC (2.0.0)
  - Protobuf (3.19.1)
  - shared_preferences_ios (0.0.1):
    - Flutter
  - sqflite (0.0.2):
    - Flutter
    - FMDB (>= 2.7.5)
  - SSZipArchive (2.4.2)
  - Toast (4.0.0)
  - url_launcher_ios (0.0.1):
    - Flutter
  - video_player (0.0.1):
    - Flutter
  - WeScan (1.7.0)

DEPENDENCIES:
  - cloud_firestore (from `.symlinks/plugins/cloud_firestore/ios`)
  - edge_detection (from `.symlinks/plugins/edge_detection/ios`)
  - firebase_analytics (from `.symlinks/plugins/firebase_analytics/ios`)
  - firebase_auth (from `.symlinks/plugins/firebase_auth/ios`)
  - firebase_core (from `.symlinks/plugins/firebase_core/ios`)
  - firebase_database (from `.symlinks/plugins/firebase_database/ios`)
  - firebase_storage (from `.symlinks/plugins/firebase_storage/ios`)
  - Flutter (from `Flutter`)
  - flutter_webview_plugin (from `.symlinks/plugins/flutter_webview_plugin/ios`)
  - fluttertoast (from `.symlinks/plugins/fluttertoast/ios`)
  - google_ml_kit (from `.symlinks/plugins/google_ml_kit/ios`)
  - google_sign_in (from `.symlinks/plugins/google_sign_in/ios`)
  - image_picker (from `.symlinks/plugins/image_picker/ios`)
  - local_auth (from `.symlinks/plugins/local_auth/ios`)
  - package_info (from `.symlinks/plugins/package_info/ios`)
  - path_provider_ios (from `.symlinks/plugins/path_provider_ios/ios`)
  - shared_preferences_ios (from `.symlinks/plugins/shared_preferences_ios/ios`)
  - sqflite (from `.symlinks/plugins/sqflite/ios`)
  - url_launcher_ios (from `.symlinks/plugins/url_launcher_ios/ios`)
  - video_player (from `.symlinks/plugins/video_player/ios`)

SPEC REPOS:
  trunk:
    - abseil
    - AppAuth
    - BoringSSL-GRPC
    - Firebase
    - FirebaseAnalytics
    - FirebaseAuth
    - FirebaseCore
    - FirebaseCoreDiagnostics
    - FirebaseDatabase
    - FirebaseFirestore
    - FirebaseInstallations
    - FirebaseStorage
    - FMDB
    - GoogleAppMeasurement
    - GoogleDataTransport
    - GoogleMLKit
    - GoogleSignIn
    - GoogleToolboxForMac
    - GoogleUtilities
    - GoogleUtilitiesComponents
    - "gRPC-C++"
    - gRPC-Core
    - GTMAppAuth
    - GTMSessionFetcher
    - leveldb-library
    - MLImage
    - MLKitBarcodeScanning
    - MLKitCommon
    - MLKitDigitalInkRecognition
    - MLKitFaceDetection
    - MLKitImageLabeling
    - MLKitImageLabelingCommon
    - MLKitImageLabelingCustom
    - MLKitLanguageID
    - MLKitLinkFirebase
    - MLKitMDD
    - MLKitNaturalLanguage
    - MLKitObjectDetectionCommon
    - MLKitPoseDetection
    - MLKitPoseDetectionAccurate
    - MLKitPoseDetectionCommon
    - MLKitTextRecognition
    - MLKitVision
    - MLKitVisionKit
    - MLKitXenoCommon
    - nanopb
    - PromisesObjC
    - Protobuf
    - SSZipArchive
    - Toast
    - WeScan

EXTERNAL SOURCES:
  cloud_firestore:
    :path: ".symlinks/plugins/cloud_firestore/ios"
  edge_detection:
    :path: ".symlinks/plugins/edge_detection/ios"
  firebase_analytics:
    :path: ".symlinks/plugins/firebase_analytics/ios"
  firebase_auth:
    :path: ".symlinks/plugins/firebase_auth/ios"
  firebase_core:
    :path: ".symlinks/plugins/firebase_core/ios"
  firebase_database:
    :path: ".symlinks/plugins/firebase_database/ios"
  firebase_storage:
    :path: ".symlinks/plugins/firebase_storage/ios"
  Flutter:
    :path: Flutter
  flutter_webview_plugin:
    :path: ".symlinks/plugins/flutter_webview_plugin/ios"
  fluttertoast:
    :path: ".symlinks/plugins/fluttertoast/ios"
  google_ml_kit:
    :path: ".symlinks/plugins/google_ml_kit/ios"
  google_sign_in:
    :path: ".symlinks/plugins/google_sign_in/ios"
  image_picker:
    :path: ".symlinks/plugins/image_picker/ios"
  local_auth:
    :path: ".symlinks/plugins/local_auth/ios"
  package_info:
    :path: ".symlinks/plugins/package_info/ios"
  path_provider_ios:
    :path: ".symlinks/plugins/path_provider_ios/ios"
  shared_preferences_ios:
    :path: ".symlinks/plugins/shared_preferences_ios/ios"
  sqflite:
    :path: ".symlinks/plugins/sqflite/ios"
  url_launcher_ios:
    :path: ".symlinks/plugins/url_launcher_ios/ios"
  video_player:
    :path: ".symlinks/plugins/video_player/ios"

SPEC CHECKSUMS:
  abseil: 6c8eb7892aefa08d929b39f9bb108e5367e3228f
  AppAuth: 31bcec809a638d7bd2f86ea8a52bd45f6e81e7c7
  BoringSSL-GRPC: 8edf627ee524575e2f8d19d56f068b448eea3879
  cloud_firestore: 338122a6149c14ca376ad363626b5bf3037a5056
  edge_detection: 309aac25ae437aa7764e4f7dc8b741ffb7444503
  Firebase: 13d8d96499e2635428d5bf0ec675df21f95d9a95
  firebase_analytics: cc1ab30e479b7089c0a952c0cae7ba286d464c68
  firebase_auth: e875a50b81aefb20f305dfede425647e9675c19e
  firebase_core: c263d7daf1dc92fcd9895e6abdc04872b0ee07ff
  firebase_database: 7538bfd20724e08e710f43b6fd2059b88b30b5c9
  firebase_storage: 2ed331c6bd5bfa6d64f1a6c57f01151f4f146c16
  FirebaseAnalytics: 4ab446ce08a3fe52e8a4303dd997cf26276bf968
  FirebaseAuth: 2b78b2a32c07b3ecfa4970bdf1d3632b8304099b
  FirebaseCore: 599ee609343eaf4941bd188f85e3aa077ffe325b
  FirebaseCoreDiagnostics: 56fb7216d87e0e6ec2feddefa9d8a392fe8b2c18
  FirebaseDatabase: 2236b804cf0cac165b4620669bedf7ee643a2bcc
  FirebaseFirestore: 15ae9648476436efed698a909e44c4737498f9b4
  FirebaseInstallations: 830327b45345ffc859eaa9c17bcd5ae893fd5425
  FirebaseStorage: 452c98c31ccb40b819764bf3039426c4388d9939
  Flutter: 50d75fe2f02b26cc09d224853bb45737f8b3214a
  flutter_webview_plugin: ed9e8a6a96baf0c867e90e1bce2673913eeac694
  fluttertoast: 6122fa75143e992b1d3470f61000f591a798cc58
  FMDB: 2ce00b547f966261cd18927a3ddb07cb6f3db82a
  google_ml_kit: a85eefb9ea6156b27ee2fba2b71e461e7b26a4f6
  google_sign_in: c5cecea71f3be43282263550556e311c4cc03582
  GoogleAppMeasurement: 837649ad3987936c232f6717c5680216f6243d24
  GoogleDataTransport: 629c20a4d363167143f30ea78320d5a7eb8bd940
  GoogleMLKit: 85ffdc9641d05311c76dbba5bbf93059087be12f
  GoogleSignIn: 7137d297ddc022a7e0aa4619c86d72c909fa7213
  GoogleToolboxForMac: 8bef7c7c5cf7291c687cf5354f39f9db6399ad34
  GoogleUtilities: 684ee790a24f73ebb2d1d966e9711c203f2a4237
  GoogleUtilitiesComponents: 679b2c881db3b615a2777504623df6122dd20afe
  "gRPC-C++": 13d8ccef97d5c3c441b7e3c529ef28ebee86fad2
  gRPC-Core: 4afa11bfbedf7cdecd04de535a9e046893404ed5
  GTMAppAuth: ad5c2b70b9a8689e1a04033c9369c4915bfcbe89
  GTMSessionFetcher: 43748f93435c2aa068b1cbe39655aaf600652e91
  image_picker: 9aa50e1d8cdacdbed739e925b7eea16d014367e6
  leveldb-library: 50c7b45cbd7bf543c81a468fe557a16ae3db8729
  local_auth: ef62030a2731330b95df7ef1331bd15f6a64b8a6
  MLImage: 647f3d580c10b3c9a3f6154f5d7baead60c42a0c
  MLKitBarcodeScanning: 6b998bd1cfe471ae407a7f647d649494617787c0
  MLKitCommon: 6d6be0a2e9a6340aad1c1f2b9449c11dee8af70f
  MLKitDigitalInkRecognition: 7913834c241b25f9dff538fa1cebe3d59afccf66
  MLKitFaceDetection: 897f007aa4eb426ef1bac7c66e5451d02ffc2e83
  MLKitImageLabeling: fc44a4f90b1cf16bcb62c043d477c052ba7539ca
  MLKitImageLabelingCommon: fbe695a04fb236555e6b7e69e7def153a04324c1
  MLKitImageLabelingCustom: 83e609e6b7dd8a16dc8790ef325bab1372d1d91d
  MLKitLanguageID: 3848cf59a1693e2076ba65b37da261c674f97170
  MLKitLinkFirebase: ae5bd6996d0a1a3d3e0bb4c634b594101c07d094
  MLKitMDD: 37b4fbb5fd45809e646fca676945d6a8479ae66e
  MLKitNaturalLanguage: 2a0295232578461ec25bf5933e45570c3b651d27
  MLKitObjectDetectionCommon: 6abf300c61cd781ee3abc8abea8a3f8baca886dc
  MLKitPoseDetection: bbc263ae4e961e83c9350abe919cff183797e687
  MLKitPoseDetectionAccurate: c87162574669a84b89fdd0279a1f0722faa99b6e
  MLKitPoseDetectionCommon: 5dedea934317c80c32b5eda8ede161128e096bdc
  MLKitTextRecognition: fd52b7b3cef00751c202475f5a147e9752130767
  MLKitVision: 26da299aef93291f24f5200e8372919f73abf3b5
  MLKitVisionKit: 226bac429eda1d84285409e31ce9da72606850fb
  MLKitXenoCommon: bf5b3528d77cabe0d04f3c13536ba1302346e31c
  nanopb: a0ba3315591a9ae0a16a309ee504766e90db0c96
  package_info: 873975fc26034f0b863a300ad47e7f1ac6c7ec62
  path_provider_ios: 7d7ce634493af4477d156294792024ec3485acd5
  PromisesObjC: 68159ce6952d93e17b2dfe273b8c40907db5ba58
  Protobuf: 3724efa50cb2846d7ccebc8691c574e85fd74471
  shared_preferences_ios: aef470a42dc4675a1cdd50e3158b42e3d1232b32
  sqflite: 6d358c025f5b867b29ed92fc697fd34924e11904
  SSZipArchive: e7b4f3d9e780c2acc1764cd88fbf2de28f26e5b2
  Toast: 91b396c56ee72a5790816f40d3a94dd357abc196
  url_launcher_ios: 02f1989d4e14e998335b02b67a7590fa34f971af
  video_player: ecd305f42e9044793efd34846e1ce64c31ea6fcb
  WeScan: fed582f6c38014d529afb5aa9ffd1bad38fc72b7

PODFILE CHECKSUM: aafe91acc616949ddb318b77800a7f51bffa2a4c

COCOAPODS: 1.11.2
