PODS:
  - abseil/algorithm (1.20211102.0):
    - abseil/algorithm/algorithm (= 1.20211102.0)
    - abseil/algorithm/container (= 1.20211102.0)
  - abseil/algorithm/algorithm (1.20211102.0):
    - abseil/base/config
  - abseil/algorithm/container (1.20211102.0):
    - abseil/algorithm/algorithm
    - abseil/base/core_headers
    - abseil/meta/type_traits
  - abseil/base (1.20211102.0):
    - abseil/base/atomic_hook (= 1.20211102.0)
    - abseil/base/base (= 1.20211102.0)
    - abseil/base/base_internal (= 1.20211102.0)
    - abseil/base/config (= 1.20211102.0)
    - abseil/base/core_headers (= 1.20211102.0)
    - abseil/base/dynamic_annotations (= 1.20211102.0)
    - abseil/base/endian (= 1.20211102.0)
    - abseil/base/errno_saver (= 1.20211102.0)
    - abseil/base/fast_type_id (= 1.20211102.0)
    - abseil/base/log_severity (= 1.20211102.0)
    - abseil/base/malloc_internal (= 1.20211102.0)
    - abseil/base/pretty_function (= 1.20211102.0)
    - abseil/base/raw_logging_internal (= 1.20211102.0)
    - abseil/base/spinlock_wait (= 1.20211102.0)
    - abseil/base/strerror (= 1.20211102.0)
    - abseil/base/throw_delegate (= 1.20211102.0)
  - abseil/base/atomic_hook (1.20211102.0):
    - abseil/base/config
    - abseil/base/core_headers
  - abseil/base/base (1.20211102.0):
    - abseil/base/atomic_hook
    - abseil/base/base_internal
    - abseil/base/config
    - abseil/base/core_headers
    - abseil/base/dynamic_annotations
    - abseil/base/log_severity
    - abseil/base/raw_logging_internal
    - abseil/base/spinlock_wait
    - abseil/meta/type_traits
  - abseil/base/base_internal (1.20211102.0):
    - abseil/base/config
    - abseil/meta/type_traits
  - abseil/base/config (1.20211102.0)
  - abseil/base/core_headers (1.20211102.0):
    - abseil/base/config
  - abseil/base/dynamic_annotations (1.20211102.0):
    - abseil/base/config
    - abseil/base/core_headers
  - abseil/base/endian (1.20211102.0):
    - abseil/base/base
    - abseil/base/config
    - abseil/base/core_headers
  - abseil/base/errno_saver (1.20211102.0):
    - abseil/base/config
  - abseil/base/fast_type_id (1.20211102.0):
    - abseil/base/config
  - abseil/base/log_severity (1.20211102.0):
    - abseil/base/config
    - abseil/base/core_headers
  - abseil/base/malloc_internal (1.20211102.0):
    - abseil/base/base
    - abseil/base/base_internal
    - abseil/base/config
    - abseil/base/core_headers
    - abseil/base/dynamic_annotations
    - abseil/base/raw_logging_internal
  - abseil/base/pretty_function (1.20211102.0)
  - abseil/base/raw_logging_internal (1.20211102.0):
    - abseil/base/atomic_hook
    - abseil/base/config
    - abseil/base/core_headers
    - abseil/base/log_severity
  - abseil/base/spinlock_wait (1.20211102.0):
    - abseil/base/base_internal
    - abseil/base/core_headers
    - abseil/base/errno_saver
  - abseil/base/strerror (1.20211102.0):
    - abseil/base/config
    - abseil/base/core_headers
    - abseil/base/errno_saver
  - abseil/base/throw_delegate (1.20211102.0):
    - abseil/base/config
    - abseil/base/raw_logging_internal
  - abseil/container/common (1.20211102.0):
    - abseil/meta/type_traits
    - abseil/types/optional
  - abseil/container/compressed_tuple (1.20211102.0):
    - abseil/utility/utility
  - abseil/container/container_memory (1.20211102.0):
    - abseil/base/config
    - abseil/memory/memory
    - abseil/meta/type_traits
    - abseil/utility/utility
  - abseil/container/fixed_array (1.20211102.0):
    - abseil/algorithm/algorithm
    - abseil/base/config
    - abseil/base/core_headers
    - abseil/base/dynamic_annotations
    - abseil/base/throw_delegate
    - abseil/container/compressed_tuple
    - abseil/memory/memory
  - abseil/container/flat_hash_map (1.20211102.0):
    - abseil/algorithm/container
    - abseil/container/container_memory
    - abseil/container/hash_function_defaults
    - abseil/container/raw_hash_map
    - abseil/memory/memory
  - abseil/container/hash_function_defaults (1.20211102.0):
    - abseil/base/config
    - abseil/hash/hash
    - abseil/strings/cord
    - abseil/strings/strings
  - abseil/container/hash_policy_traits (1.20211102.0):
    - abseil/meta/type_traits
  - abseil/container/hashtable_debug_hooks (1.20211102.0):
    - abseil/base/config
  - abseil/container/hashtablez_sampler (1.20211102.0):
    - abseil/base/base
    - abseil/base/core_headers
    - abseil/container/have_sse
    - abseil/debugging/stacktrace
    - abseil/memory/memory
    - abseil/profiling/exponential_biased
    - abseil/profiling/sample_recorder
    - abseil/synchronization/synchronization
    - abseil/utility/utility
  - abseil/container/have_sse (1.20211102.0)
  - abseil/container/inlined_vector (1.20211102.0):
    - abseil/algorithm/algorithm
    - abseil/base/core_headers
    - abseil/base/throw_delegate
    - abseil/container/inlined_vector_internal
    - abseil/memory/memory
  - abseil/container/inlined_vector_internal (1.20211102.0):
    - abseil/base/core_headers
    - abseil/container/compressed_tuple
    - abseil/memory/memory
    - abseil/meta/type_traits
    - abseil/types/span
  - abseil/container/layout (1.20211102.0):
    - abseil/base/config
    - abseil/base/core_headers
    - abseil/meta/type_traits
    - abseil/strings/strings
    - abseil/types/span
    - abseil/utility/utility
  - abseil/container/raw_hash_map (1.20211102.0):
    - abseil/base/throw_delegate
    - abseil/container/container_memory
    - abseil/container/raw_hash_set
  - abseil/container/raw_hash_set (1.20211102.0):
    - abseil/base/config
    - abseil/base/core_headers
    - abseil/base/endian
    - abseil/container/common
    - abseil/container/compressed_tuple
    - abseil/container/container_memory
    - abseil/container/hash_policy_traits
    - abseil/container/hashtable_debug_hooks
    - abseil/container/hashtablez_sampler
    - abseil/container/have_sse
    - abseil/memory/memory
    - abseil/meta/type_traits
    - abseil/numeric/bits
    - abseil/utility/utility
  - abseil/debugging/debugging_internal (1.20211102.0):
    - abseil/base/config
    - abseil/base/core_headers
    - abseil/base/dynamic_annotations
    - abseil/base/errno_saver
    - abseil/base/raw_logging_internal
  - abseil/debugging/demangle_internal (1.20211102.0):
    - abseil/base/base
    - abseil/base/config
    - abseil/base/core_headers
  - abseil/debugging/stacktrace (1.20211102.0):
    - abseil/base/config
    - abseil/base/core_headers
    - abseil/debugging/debugging_internal
  - abseil/debugging/symbolize (1.20211102.0):
    - abseil/base/base
    - abseil/base/config
    - abseil/base/core_headers
    - abseil/base/dynamic_annotations
    - abseil/base/malloc_internal
    - abseil/base/raw_logging_internal
    - abseil/debugging/debugging_internal
    - abseil/debugging/demangle_internal
    - abseil/strings/strings
  - abseil/functional/bind_front (1.20211102.0):
    - abseil/base/base_internal
    - abseil/container/compressed_tuple
    - abseil/meta/type_traits
    - abseil/utility/utility
  - abseil/functional/function_ref (1.20211102.0):
    - abseil/base/base_internal
    - abseil/base/core_headers
    - abseil/meta/type_traits
  - abseil/hash/city (1.20211102.0):
    - abseil/base/config
    - abseil/base/core_headers
    - abseil/base/endian
  - abseil/hash/hash (1.20211102.0):
    - abseil/base/config
    - abseil/base/core_headers
    - abseil/base/endian
    - abseil/container/fixed_array
    - abseil/hash/city
    - abseil/hash/low_level_hash
    - abseil/meta/type_traits
    - abseil/numeric/int128
    - abseil/strings/strings
    - abseil/types/optional
    - abseil/types/variant
    - abseil/utility/utility
  - abseil/hash/low_level_hash (1.20211102.0):
    - abseil/base/config
    - abseil/base/endian
    - abseil/numeric/bits
    - abseil/numeric/int128
  - abseil/memory (1.20211102.0):
    - abseil/memory/memory (= 1.20211102.0)
  - abseil/memory/memory (1.20211102.0):
    - abseil/base/core_headers
    - abseil/meta/type_traits
  - abseil/meta (1.20211102.0):
    - abseil/meta/type_traits (= 1.20211102.0)
  - abseil/meta/type_traits (1.20211102.0):
    - abseil/base/config
  - abseil/numeric/bits (1.20211102.0):
    - abseil/base/config
    - abseil/base/core_headers
  - abseil/numeric/int128 (1.20211102.0):
    - abseil/base/config
    - abseil/base/core_headers
    - abseil/numeric/bits
  - abseil/numeric/representation (1.20211102.0):
    - abseil/base/config
  - abseil/profiling/exponential_biased (1.20211102.0):
    - abseil/base/config
    - abseil/base/core_headers
  - abseil/profiling/sample_recorder (1.20211102.0):
    - abseil/base/config
    - abseil/base/core_headers
    - abseil/synchronization/synchronization
    - abseil/time/time
  - abseil/random/distributions (1.20211102.0):
    - abseil/base/base_internal
    - abseil/base/config
    - abseil/base/core_headers
    - abseil/meta/type_traits
    - abseil/numeric/bits
    - abseil/random/internal/distribution_caller
    - abseil/random/internal/fast_uniform_bits
    - abseil/random/internal/fastmath
    - abseil/random/internal/generate_real
    - abseil/random/internal/iostream_state_saver
    - abseil/random/internal/traits
    - abseil/random/internal/uniform_helper
    - abseil/random/internal/wide_multiply
    - abseil/strings/strings
  - abseil/random/internal/distribution_caller (1.20211102.0):
    - abseil/base/config
    - abseil/base/fast_type_id
    - abseil/utility/utility
  - abseil/random/internal/fast_uniform_bits (1.20211102.0):
    - abseil/base/config
    - abseil/meta/type_traits
  - abseil/random/internal/fastmath (1.20211102.0):
    - abseil/numeric/bits
  - abseil/random/internal/generate_real (1.20211102.0):
    - abseil/meta/type_traits
    - abseil/numeric/bits
    - abseil/random/internal/fastmath
    - abseil/random/internal/traits
  - abseil/random/internal/iostream_state_saver (1.20211102.0):
    - abseil/meta/type_traits
    - abseil/numeric/int128
  - abseil/random/internal/nonsecure_base (1.20211102.0):
    - abseil/base/core_headers
    - abseil/meta/type_traits
    - abseil/random/internal/pool_urbg
    - abseil/random/internal/salted_seed_seq
    - abseil/random/internal/seed_material
    - abseil/types/optional
    - abseil/types/span
  - abseil/random/internal/pcg_engine (1.20211102.0):
    - abseil/base/config
    - abseil/meta/type_traits
    - abseil/numeric/bits
    - abseil/numeric/int128
    - abseil/random/internal/fastmath
    - abseil/random/internal/iostream_state_saver
  - abseil/random/internal/platform (1.20211102.0):
    - abseil/base/config
  - abseil/random/internal/pool_urbg (1.20211102.0):
    - abseil/base/base
    - abseil/base/config
    - abseil/base/core_headers
    - abseil/base/endian
    - abseil/base/raw_logging_internal
    - abseil/random/internal/randen
    - abseil/random/internal/seed_material
    - abseil/random/internal/traits
    - abseil/random/seed_gen_exception
    - abseil/types/span
  - abseil/random/internal/randen (1.20211102.0):
    - abseil/base/raw_logging_internal
    - abseil/random/internal/platform
    - abseil/random/internal/randen_hwaes
    - abseil/random/internal/randen_slow
  - abseil/random/internal/randen_engine (1.20211102.0):
    - abseil/base/endian
    - abseil/meta/type_traits
    - abseil/random/internal/iostream_state_saver
    - abseil/random/internal/randen
  - abseil/random/internal/randen_hwaes (1.20211102.0):
    - abseil/base/config
    - abseil/random/internal/platform
    - abseil/random/internal/randen_hwaes_impl
  - abseil/random/internal/randen_hwaes_impl (1.20211102.0):
    - abseil/base/config
    - abseil/base/core_headers
    - abseil/numeric/int128
    - abseil/random/internal/platform
  - abseil/random/internal/randen_slow (1.20211102.0):
    - abseil/base/config
    - abseil/base/core_headers
    - abseil/base/endian
    - abseil/numeric/int128
    - abseil/random/internal/platform
  - abseil/random/internal/salted_seed_seq (1.20211102.0):
    - abseil/container/inlined_vector
    - abseil/meta/type_traits
    - abseil/random/internal/seed_material
    - abseil/types/optional
    - abseil/types/span
  - abseil/random/internal/seed_material (1.20211102.0):
    - abseil/base/core_headers
    - abseil/base/dynamic_annotations
    - abseil/base/raw_logging_internal
    - abseil/random/internal/fast_uniform_bits
    - abseil/strings/strings
    - abseil/types/optional
    - abseil/types/span
  - abseil/random/internal/traits (1.20211102.0):
    - abseil/base/config
  - abseil/random/internal/uniform_helper (1.20211102.0):
    - abseil/base/config
    - abseil/meta/type_traits
    - abseil/random/internal/traits
  - abseil/random/internal/wide_multiply (1.20211102.0):
    - abseil/base/config
    - abseil/numeric/bits
    - abseil/numeric/int128
    - abseil/random/internal/traits
  - abseil/random/random (1.20211102.0):
    - abseil/random/distributions
    - abseil/random/internal/nonsecure_base
    - abseil/random/internal/pcg_engine
    - abseil/random/internal/pool_urbg
    - abseil/random/internal/randen_engine
    - abseil/random/seed_sequences
  - abseil/random/seed_gen_exception (1.20211102.0):
    - abseil/base/config
  - abseil/random/seed_sequences (1.20211102.0):
    - abseil/container/inlined_vector
    - abseil/random/internal/nonsecure_base
    - abseil/random/internal/pool_urbg
    - abseil/random/internal/salted_seed_seq
    - abseil/random/internal/seed_material
    - abseil/random/seed_gen_exception
    - abseil/types/span
  - abseil/status/status (1.20211102.0):
    - abseil/base/atomic_hook
    - abseil/base/config
    - abseil/base/core_headers
    - abseil/base/raw_logging_internal
    - abseil/container/inlined_vector
    - abseil/debugging/stacktrace
    - abseil/debugging/symbolize
    - abseil/functional/function_ref
    - abseil/strings/cord
    - abseil/strings/str_format
    - abseil/strings/strings
    - abseil/types/optional
  - abseil/status/statusor (1.20211102.0):
    - abseil/base/base
    - abseil/base/core_headers
    - abseil/base/raw_logging_internal
    - abseil/meta/type_traits
    - abseil/status/status
    - abseil/strings/strings
    - abseil/types/variant
    - abseil/utility/utility
  - abseil/strings/cord (1.20211102.0):
    - abseil/base/base
    - abseil/base/config
    - abseil/base/core_headers
    - abseil/base/endian
    - abseil/base/raw_logging_internal
    - abseil/container/fixed_array
    - abseil/container/inlined_vector
    - abseil/functional/function_ref
    - abseil/meta/type_traits
    - abseil/strings/cord_internal
    - abseil/strings/cordz_functions
    - abseil/strings/cordz_info
    - abseil/strings/cordz_statistics
    - abseil/strings/cordz_update_scope
    - abseil/strings/cordz_update_tracker
    - abseil/strings/internal
    - abseil/strings/str_format
    - abseil/strings/strings
    - abseil/types/optional
  - abseil/strings/cord_internal (1.20211102.0):
    - abseil/base/base_internal
    - abseil/base/config
    - abseil/base/core_headers
    - abseil/base/endian
    - abseil/base/raw_logging_internal
    - abseil/base/throw_delegate
    - abseil/container/compressed_tuple
    - abseil/container/inlined_vector
    - abseil/container/layout
    - abseil/functional/function_ref
    - abseil/meta/type_traits
    - abseil/strings/strings
    - abseil/types/span
  - abseil/strings/cordz_functions (1.20211102.0):
    - abseil/base/config
    - abseil/base/core_headers
    - abseil/base/raw_logging_internal
    - abseil/profiling/exponential_biased
  - abseil/strings/cordz_handle (1.20211102.0):
    - abseil/base/base
    - abseil/base/config
    - abseil/base/raw_logging_internal
    - abseil/synchronization/synchronization
  - abseil/strings/cordz_info (1.20211102.0):
    - abseil/base/base
    - abseil/base/config
    - abseil/base/core_headers
    - abseil/base/raw_logging_internal
    - abseil/container/inlined_vector
    - abseil/debugging/stacktrace
    - abseil/strings/cord_internal
    - abseil/strings/cordz_functions
    - abseil/strings/cordz_handle
    - abseil/strings/cordz_statistics
    - abseil/strings/cordz_update_tracker
    - abseil/synchronization/synchronization
    - abseil/types/span
  - abseil/strings/cordz_statistics (1.20211102.0):
    - abseil/base/config
    - abseil/strings/cordz_update_tracker
  - abseil/strings/cordz_update_scope (1.20211102.0):
    - abseil/base/config
    - abseil/base/core_headers
    - abseil/strings/cord_internal
    - abseil/strings/cordz_info
    - abseil/strings/cordz_update_tracker
  - abseil/strings/cordz_update_tracker (1.20211102.0):
    - abseil/base/config
  - abseil/strings/internal (1.20211102.0):
    - abseil/base/config
    - abseil/base/core_headers
    - abseil/base/endian
    - abseil/base/raw_logging_internal
    - abseil/meta/type_traits
  - abseil/strings/str_format (1.20211102.0):
    - abseil/strings/str_format_internal
  - abseil/strings/str_format_internal (1.20211102.0):
    - abseil/base/config
    - abseil/base/core_headers
    - abseil/functional/function_ref
    - abseil/meta/type_traits
    - abseil/numeric/bits
    - abseil/numeric/int128
    - abseil/numeric/representation
    - abseil/strings/strings
    - abseil/types/optional
    - abseil/types/span
  - abseil/strings/strings (1.20211102.0):
    - abseil/base/base
    - abseil/base/config
    - abseil/base/core_headers
    - abseil/base/endian
    - abseil/base/raw_logging_internal
    - abseil/base/throw_delegate
    - abseil/memory/memory
    - abseil/meta/type_traits
    - abseil/numeric/bits
    - abseil/numeric/int128
    - abseil/strings/internal
  - abseil/synchronization/graphcycles_internal (1.20211102.0):
    - abseil/base/base
    - abseil/base/base_internal
    - abseil/base/config
    - abseil/base/core_headers
    - abseil/base/malloc_internal
    - abseil/base/raw_logging_internal
  - abseil/synchronization/kernel_timeout_internal (1.20211102.0):
    - abseil/base/core_headers
    - abseil/base/raw_logging_internal
    - abseil/time/time
  - abseil/synchronization/synchronization (1.20211102.0):
    - abseil/base/atomic_hook
    - abseil/base/base
    - abseil/base/base_internal
    - abseil/base/config
    - abseil/base/core_headers
    - abseil/base/dynamic_annotations
    - abseil/base/malloc_internal
    - abseil/base/raw_logging_internal
    - abseil/debugging/stacktrace
    - abseil/debugging/symbolize
    - abseil/synchronization/graphcycles_internal
    - abseil/synchronization/kernel_timeout_internal
    - abseil/time/time
  - abseil/time (1.20211102.0):
    - abseil/time/internal (= 1.20211102.0)
    - abseil/time/time (= 1.20211102.0)
  - abseil/time/internal (1.20211102.0):
    - abseil/time/internal/cctz (= 1.20211102.0)
  - abseil/time/internal/cctz (1.20211102.0):
    - abseil/time/internal/cctz/civil_time (= 1.20211102.0)
    - abseil/time/internal/cctz/time_zone (= 1.20211102.0)
  - abseil/time/internal/cctz/civil_time (1.20211102.0):
    - abseil/base/config
  - abseil/time/internal/cctz/time_zone (1.20211102.0):
    - abseil/base/config
    - abseil/time/internal/cctz/civil_time
  - abseil/time/time (1.20211102.0):
    - abseil/base/base
    - abseil/base/core_headers
    - abseil/base/raw_logging_internal
    - abseil/numeric/int128
    - abseil/strings/strings
    - abseil/time/internal/cctz/civil_time
    - abseil/time/internal/cctz/time_zone
  - abseil/types (1.20211102.0):
    - abseil/types/any (= 1.20211102.0)
    - abseil/types/bad_any_cast (= 1.20211102.0)
    - abseil/types/bad_any_cast_impl (= 1.20211102.0)
    - abseil/types/bad_optional_access (= 1.20211102.0)
    - abseil/types/bad_variant_access (= 1.20211102.0)
    - abseil/types/compare (= 1.20211102.0)
    - abseil/types/optional (= 1.20211102.0)
    - abseil/types/span (= 1.20211102.0)
    - abseil/types/variant (= 1.20211102.0)
  - abseil/types/any (1.20211102.0):
    - abseil/base/config
    - abseil/base/core_headers
    - abseil/base/fast_type_id
    - abseil/meta/type_traits
    - abseil/types/bad_any_cast
    - abseil/utility/utility
  - abseil/types/bad_any_cast (1.20211102.0):
    - abseil/base/config
    - abseil/types/bad_any_cast_impl
  - abseil/types/bad_any_cast_impl (1.20211102.0):
    - abseil/base/config
    - abseil/base/raw_logging_internal
  - abseil/types/bad_optional_access (1.20211102.0):
    - abseil/base/config
    - abseil/base/raw_logging_internal
  - abseil/types/bad_variant_access (1.20211102.0):
    - abseil/base/config
    - abseil/base/raw_logging_internal
  - abseil/types/compare (1.20211102.0):
    - abseil/base/core_headers
    - abseil/meta/type_traits
  - abseil/types/optional (1.20211102.0):
    - abseil/base/base_internal
    - abseil/base/config
    - abseil/base/core_headers
    - abseil/memory/memory
    - abseil/meta/type_traits
    - abseil/types/bad_optional_access
    - abseil/utility/utility
  - abseil/types/span (1.20211102.0):
    - abseil/algorithm/algorithm
    - abseil/base/core_headers
    - abseil/base/throw_delegate
    - abseil/meta/type_traits
  - abseil/types/variant (1.20211102.0):
    - abseil/base/base_internal
    - abseil/base/config
    - abseil/base/core_headers
    - abseil/meta/type_traits
    - abseil/types/bad_variant_access
    - abseil/utility/utility
  - abseil/utility/utility (1.20211102.0):
    - abseil/base/base_internal
    - abseil/base/config
    - abseil/meta/type_traits
  - AppAuth (1.6.0):
    - AppAuth/Core (= 1.6.0)
    - AppAuth/ExternalUserAgent (= 1.6.0)
  - AppAuth/Core (1.6.0)
  - AppAuth/ExternalUserAgent (1.6.0):
    - AppAuth/Core
  - BoringSSL-GRPC (0.0.24):
    - BoringSSL-GRPC/Implementation (= 0.0.24)
    - BoringSSL-GRPC/Interface (= 0.0.24)
  - BoringSSL-GRPC/Implementation (0.0.24):
    - BoringSSL-GRPC/Interface (= 0.0.24)
  - BoringSSL-GRPC/Interface (0.0.24)
  - cloud_firestore (4.5.0):
    - Firebase/Firestore (= 10.7.0)
    - firebase_core
    - Flutter
    - nanopb (< 2.30910.0, >= 2.30908.0)
  - desktop_webview_auth (0.0.1):
    - Flutter
  - device_info_plus (0.0.1):
    - Flutter
  - edge_detection (1.1.1):
    - Flutter
    - WeScan
  - FBAEMKit (14.1.0):
    - FBSDKCoreKit_Basics (= 14.1.0)
  - FBSDKCoreKit (14.1.0):
    - FBAEMKit (= 14.1.0)
    - FBSDKCoreKit_Basics (= 14.1.0)
  - FBSDKCoreKit_Basics (14.1.0)
  - FBSDKLoginKit (14.1.0):
    - FBSDKCoreKit (= 14.1.0)
  - Firebase/Analytics (10.7.0):
    - Firebase/Core
  - Firebase/Auth (10.7.0):
    - Firebase/CoreOnly
    - FirebaseAuth (~> 10.7.0)
  - Firebase/Core (10.7.0):
    - Firebase/CoreOnly
    - FirebaseAnalytics (~> 10.7.0)
  - Firebase/CoreOnly (10.7.0):
    - FirebaseCore (= 10.7.0)
  - Firebase/Database (10.7.0):
    - Firebase/CoreOnly
    - FirebaseDatabase (~> 10.7.0)
  - Firebase/DynamicLinks (10.7.0):
    - Firebase/CoreOnly
    - FirebaseDynamicLinks (~> 10.7.0)
  - Firebase/Firestore (10.7.0):
    - Firebase/CoreOnly
    - FirebaseFirestore (~> 10.7.0)
  - Firebase/Storage (10.7.0):
    - Firebase/CoreOnly
    - FirebaseStorage (~> 10.7.0)
  - firebase_analytics (10.2.0):
    - Firebase/Analytics (= 10.7.0)
    - firebase_core
    - Flutter
  - firebase_auth (4.4.0):
    - Firebase/Auth (= 10.7.0)
    - firebase_core
    - Flutter
  - firebase_core (2.9.0):
    - Firebase/CoreOnly (= 10.7.0)
    - Flutter
  - firebase_database (10.1.0):
    - Firebase/Database (= 10.7.0)
    - firebase_core
    - Flutter
  - firebase_dynamic_links (5.1.0):
    - Firebase/DynamicLinks (= 10.7.0)
    - firebase_core
    - Flutter
  - firebase_storage (11.1.0):
    - Firebase/Storage (= 10.7.0)
    - firebase_core
    - Flutter
  - FirebaseAnalytics (10.7.0):
    - FirebaseAnalytics/AdIdSupport (= 10.7.0)
    - FirebaseCore (~> 10.0)
    - FirebaseInstallations (~> 10.0)
    - GoogleUtilities/AppDelegateSwizzler (~> 7.8)
    - GoogleUtilities/MethodSwizzler (~> 7.8)
    - GoogleUtilities/Network (~> 7.8)
    - "GoogleUtilities/NSData+zlib (~> 7.8)"
    - nanopb (< 2.30910.0, >= 2.30908.0)
  - FirebaseAnalytics/AdIdSupport (10.7.0):
    - FirebaseCore (~> 10.0)
    - FirebaseInstallations (~> 10.0)
    - GoogleAppMeasurement (= 10.7.0)
    - GoogleUtilities/AppDelegateSwizzler (~> 7.8)
    - GoogleUtilities/MethodSwizzler (~> 7.8)
    - GoogleUtilities/Network (~> 7.8)
    - "GoogleUtilities/NSData+zlib (~> 7.8)"
    - nanopb (< 2.30910.0, >= 2.30908.0)
  - FirebaseAppCheckInterop (10.7.0)
  - FirebaseAuth (10.7.0):
    - FirebaseCore (~> 10.0)
    - GoogleUtilities/AppDelegateSwizzler (~> 7.8)
    - GoogleUtilities/Environment (~> 7.8)
    - GTMSessionFetcher/Core (< 4.0, >= 2.1)
  - FirebaseAuthInterop (10.7.0)
  - FirebaseCore (10.7.0):
    - FirebaseCoreInternal (~> 10.0)
    - GoogleUtilities/Environment (~> 7.8)
    - GoogleUtilities/Logger (~> 7.8)
  - FirebaseCoreExtension (10.7.0):
    - FirebaseCore (~> 10.0)
  - FirebaseCoreInternal (10.7.0):
    - "GoogleUtilities/NSData+zlib (~> 7.8)"
  - FirebaseDatabase (10.7.0):
    - FirebaseCore (~> 10.0)
    - leveldb-library (~> 1.22)
  - FirebaseDynamicLinks (10.7.0):
    - FirebaseCore (~> 10.0)
  - FirebaseFirestore (10.7.0):
    - abseil/algorithm (~> 1.20211102.0)
    - abseil/base (~> 1.20211102.0)
    - abseil/container/flat_hash_map (~> 1.20211102.0)
    - abseil/memory (~> 1.20211102.0)
    - abseil/meta (~> 1.20211102.0)
    - abseil/strings/strings (~> 1.20211102.0)
    - abseil/time (~> 1.20211102.0)
    - abseil/types (~> 1.20211102.0)
    - FirebaseCore (~> 10.0)
    - "gRPC-C++ (~> 1.44.0)"
    - leveldb-library (~> 1.22)
    - nanopb (< 2.30910.0, >= 2.30908.0)
  - FirebaseInstallations (10.7.0):
    - FirebaseCore (~> 10.0)
    - GoogleUtilities/Environment (~> 7.8)
    - GoogleUtilities/UserDefaults (~> 7.8)
    - PromisesObjC (~> 2.1)
  - FirebaseStorage (10.7.0):
    - FirebaseAppCheckInterop (~> 10.0)
    - FirebaseAuthInterop (~> 10.0)
    - FirebaseCore (~> 10.0)
    - FirebaseCoreExtension (~> 10.0)
    - GTMSessionFetcher/Core (< 4.0, >= 2.1)
  - Flutter (1.0.0)
  - flutter_facebook_auth (4.4.1):
    - FBSDKLoginKit (= 14.1.0)
    - Flutter
  - flutter_keyboard_visibility (0.0.1):
    - Flutter
  - flutter_native_splash (0.0.1):
    - Flutter
  - flutter_webview_plugin (0.0.1):
    - Flutter
  - fluttertoast (0.0.2):
    - Flutter
    - Toast
  - FMDB (2.7.5):
    - FMDB/standard (= 2.7.5)
  - FMDB/standard (2.7.5)
  - Google-Mobile-Ads-SDK (9.14.0):
    - GoogleAppMeasurement (< 11.0, >= 7.0)
    - GoogleUserMessagingPlatform (>= 1.1)
  - google_mobile_ads (1.0.0):
    - Flutter
    - Google-Mobile-Ads-SDK (~> 9.13)
  - google_sign_in_ios (0.0.1):
    - Flutter
    - GoogleSignIn (~> 6.2)
  - GoogleAppMeasurement (10.7.0):
    - GoogleAppMeasurement/AdIdSupport (= 10.7.0)
    - GoogleUtilities/AppDelegateSwizzler (~> 7.8)
    - GoogleUtilities/MethodSwizzler (~> 7.8)
    - GoogleUtilities/Network (~> 7.8)
    - "GoogleUtilities/NSData+zlib (~> 7.8)"
    - nanopb (< 2.30910.0, >= 2.30908.0)
  - GoogleAppMeasurement/AdIdSupport (10.7.0):
    - GoogleAppMeasurement/WithoutAdIdSupport (= 10.7.0)
    - GoogleUtilities/AppDelegateSwizzler (~> 7.8)
    - GoogleUtilities/MethodSwizzler (~> 7.8)
    - GoogleUtilities/Network (~> 7.8)
    - "GoogleUtilities/NSData+zlib (~> 7.8)"
    - nanopb (< 2.30910.0, >= 2.30908.0)
  - GoogleAppMeasurement/WithoutAdIdSupport (10.7.0):
    - GoogleUtilities/AppDelegateSwizzler (~> 7.8)
    - GoogleUtilities/MethodSwizzler (~> 7.8)
    - GoogleUtilities/Network (~> 7.8)
    - "GoogleUtilities/NSData+zlib (~> 7.8)"
    - nanopb (< 2.30910.0, >= 2.30908.0)
  - GoogleSignIn (6.2.4):
    - AppAuth (~> 1.5)
    - GTMAppAuth (~> 1.3)
    - GTMSessionFetcher/Core (< 3.0, >= 1.1)
  - GoogleUserMessagingPlatform (2.0.1)
  - GoogleUtilities/AppDelegateSwizzler (7.11.0):
    - GoogleUtilities/Environment
    - GoogleUtilities/Logger
    - GoogleUtilities/Network
  - GoogleUtilities/Environment (7.11.0):
    - PromisesObjC (< 3.0, >= 1.2)
  - GoogleUtilities/Logger (7.11.0):
    - GoogleUtilities/Environment
  - GoogleUtilities/MethodSwizzler (7.11.0):
    - GoogleUtilities/Logger
  - GoogleUtilities/Network (7.11.0):
    - GoogleUtilities/Logger
    - "GoogleUtilities/NSData+zlib"
    - GoogleUtilities/Reachability
  - "GoogleUtilities/NSData+zlib (7.11.0)"
  - GoogleUtilities/Reachability (7.11.0):
    - GoogleUtilities/Logger
  - GoogleUtilities/UserDefaults (7.11.0):
    - GoogleUtilities/Logger
  - "gRPC-C++ (1.44.0)":
    - "gRPC-C++/Implementation (= 1.44.0)"
    - "gRPC-C++/Interface (= 1.44.0)"
  - "gRPC-C++/Implementation (1.44.0)":
    - abseil/base/base (= 1.20211102.0)
    - abseil/base/core_headers (= 1.20211102.0)
    - abseil/container/flat_hash_map (= 1.20211102.0)
    - abseil/container/inlined_vector (= 1.20211102.0)
    - abseil/functional/bind_front (= 1.20211102.0)
    - abseil/hash/hash (= 1.20211102.0)
    - abseil/memory/memory (= 1.20211102.0)
    - abseil/random/random (= 1.20211102.0)
    - abseil/status/status (= 1.20211102.0)
    - abseil/status/statusor (= 1.20211102.0)
    - abseil/strings/cord (= 1.20211102.0)
    - abseil/strings/str_format (= 1.20211102.0)
    - abseil/strings/strings (= 1.20211102.0)
    - abseil/synchronization/synchronization (= 1.20211102.0)
    - abseil/time/time (= 1.20211102.0)
    - abseil/types/optional (= 1.20211102.0)
    - abseil/types/variant (= 1.20211102.0)
    - abseil/utility/utility (= 1.20211102.0)
    - "gRPC-C++/Interface (= 1.44.0)"
    - gRPC-Core (= 1.44.0)
  - "gRPC-C++/Interface (1.44.0)"
  - gRPC-Core (1.44.0):
    - gRPC-Core/Implementation (= 1.44.0)
    - gRPC-Core/Interface (= 1.44.0)
  - gRPC-Core/Implementation (1.44.0):
    - abseil/base/base (= 1.20211102.0)
    - abseil/base/core_headers (= 1.20211102.0)
    - abseil/container/flat_hash_map (= 1.20211102.0)
    - abseil/container/inlined_vector (= 1.20211102.0)
    - abseil/functional/bind_front (= 1.20211102.0)
    - abseil/hash/hash (= 1.20211102.0)
    - abseil/memory/memory (= 1.20211102.0)
    - abseil/random/random (= 1.20211102.0)
    - abseil/status/status (= 1.20211102.0)
    - abseil/status/statusor (= 1.20211102.0)
    - abseil/strings/cord (= 1.20211102.0)
    - abseil/strings/str_format (= 1.20211102.0)
    - abseil/strings/strings (= 1.20211102.0)
    - abseil/synchronization/synchronization (= 1.20211102.0)
    - abseil/time/time (= 1.20211102.0)
    - abseil/types/optional (= 1.20211102.0)
    - abseil/types/variant (= 1.20211102.0)
    - abseil/utility/utility (= 1.20211102.0)
    - BoringSSL-GRPC (= 0.0.24)
    - gRPC-Core/Interface (= 1.44.0)
    - Libuv-gRPC (= 0.0.10)
  - gRPC-Core/Interface (1.44.0)
  - GTMAppAuth (1.3.1):
    - AppAuth/Core (~> 1.6)
    - GTMSessionFetcher/Core (< 3.0, >= 1.5)
  - GTMSessionFetcher/Core (2.3.0)
  - image_picker_ios (0.0.1):
    - Flutter
  - in_app_purchase_storekit (0.0.1):
    - Flutter
    - FlutterMacOS
  - in_app_review (0.2.0):
    - Flutter
  - leveldb-library (1.22.1)
  - Libuv-gRPC (0.0.10):
    - Libuv-gRPC/Implementation (= 0.0.10)
    - Libuv-gRPC/Interface (= 0.0.10)
  - Libuv-gRPC/Implementation (0.0.10):
    - Libuv-gRPC/Interface (= 0.0.10)
  - Libuv-gRPC/Interface (0.0.10)
  - local_auth_ios (0.0.1):
    - Flutter
  - nanopb (2.30909.0):
    - nanopb/decode (= 2.30909.0)
    - nanopb/encode (= 2.30909.0)
  - nanopb/decode (2.30909.0)
  - nanopb/encode (2.30909.0)
  - package_info_plus (0.4.5):
    - Flutter
  - pasteboard (0.0.1):
    - Flutter
  - path_provider_foundation (0.0.1):
    - Flutter
    - FlutterMacOS
  - PromisesObjC (2.2.0)
  - share_plus (0.0.1):
    - Flutter
  - shared_preferences_foundation (0.0.1):
    - Flutter
    - FlutterMacOS
  - sign_in_with_apple (0.0.1):
    - Flutter
  - sqflite (0.0.2):
    - Flutter
    - FMDB (>= 2.7.5)
  - Toast (4.0.0)
  - twitter_login (0.0.1):
    - Flutter
  - url_launcher_ios (0.0.1):
    - Flutter
  - video_player_avfoundation (0.0.1):
    - Flutter
  - webview_flutter_wkwebview (0.0.1):
    - Flutter
  - WeScan (1.7.0)

DEPENDENCIES:
  - cloud_firestore (from `.symlinks/plugins/cloud_firestore/ios`)
  - desktop_webview_auth (from `.symlinks/plugins/desktop_webview_auth/ios`)
  - device_info_plus (from `.symlinks/plugins/device_info_plus/ios`)
  - edge_detection (from `.symlinks/plugins/edge_detection/ios`)
  - firebase_analytics (from `.symlinks/plugins/firebase_analytics/ios`)
  - firebase_auth (from `.symlinks/plugins/firebase_auth/ios`)
  - firebase_core (from `.symlinks/plugins/firebase_core/ios`)
  - firebase_database (from `.symlinks/plugins/firebase_database/ios`)
  - firebase_dynamic_links (from `.symlinks/plugins/firebase_dynamic_links/ios`)
  - firebase_storage (from `.symlinks/plugins/firebase_storage/ios`)
  - Flutter (from `Flutter`)
  - flutter_facebook_auth (from `.symlinks/plugins/flutter_facebook_auth/ios`)
  - flutter_keyboard_visibility (from `.symlinks/plugins/flutter_keyboard_visibility/ios`)
  - flutter_native_splash (from `.symlinks/plugins/flutter_native_splash/ios`)
  - flutter_webview_plugin (from `.symlinks/plugins/flutter_webview_plugin/ios`)
  - fluttertoast (from `.symlinks/plugins/fluttertoast/ios`)
  - google_mobile_ads (from `.symlinks/plugins/google_mobile_ads/ios`)
  - google_sign_in_ios (from `.symlinks/plugins/google_sign_in_ios/ios`)
  - image_picker_ios (from `.symlinks/plugins/image_picker_ios/ios`)
  - in_app_purchase_storekit (from `.symlinks/plugins/in_app_purchase_storekit/ios`)
  - in_app_review (from `.symlinks/plugins/in_app_review/ios`)
  - local_auth_ios (from `.symlinks/plugins/local_auth_ios/ios`)
  - package_info_plus (from `.symlinks/plugins/package_info_plus/ios`)
  - pasteboard (from `.symlinks/plugins/pasteboard/ios`)
  - path_provider_foundation (from `.symlinks/plugins/path_provider_foundation/ios`)
  - share_plus (from `.symlinks/plugins/share_plus/ios`)
  - shared_preferences_foundation (from `.symlinks/plugins/shared_preferences_foundation/ios`)
  - sign_in_with_apple (from `.symlinks/plugins/sign_in_with_apple/ios`)
  - sqflite (from `.symlinks/plugins/sqflite/ios`)
  - twitter_login (from `.symlinks/plugins/twitter_login/ios`)
  - url_launcher_ios (from `.symlinks/plugins/url_launcher_ios/ios`)
  - video_player_avfoundation (from `.symlinks/plugins/video_player_avfoundation/ios`)
  - webview_flutter_wkwebview (from `.symlinks/plugins/webview_flutter_wkwebview/ios`)

SPEC REPOS:
  trunk:
    - abseil
    - AppAuth
    - BoringSSL-GRPC
    - FBAEMKit
    - FBSDKCoreKit
    - FBSDKCoreKit_Basics
    - FBSDKLoginKit
    - Firebase
    - FirebaseAnalytics
    - FirebaseAppCheckInterop
    - FirebaseAuth
    - FirebaseAuthInterop
    - FirebaseCore
    - FirebaseCoreExtension
    - FirebaseCoreInternal
    - FirebaseDatabase
    - FirebaseDynamicLinks
    - FirebaseFirestore
    - FirebaseInstallations
    - FirebaseStorage
    - FMDB
    - Google-Mobile-Ads-SDK
    - GoogleAppMeasurement
    - GoogleSignIn
    - GoogleUserMessagingPlatform
    - GoogleUtilities
    - "gRPC-C++"
    - gRPC-Core
    - GTMAppAuth
    - GTMSessionFetcher
    - leveldb-library
    - Libuv-gRPC
    - nanopb
    - PromisesObjC
    - Toast
    - WeScan

EXTERNAL SOURCES:
  cloud_firestore:
    :path: ".symlinks/plugins/cloud_firestore/ios"
  desktop_webview_auth:
    :path: ".symlinks/plugins/desktop_webview_auth/ios"
  device_info_plus:
    :path: ".symlinks/plugins/device_info_plus/ios"
  edge_detection:
    :path: ".symlinks/plugins/edge_detection/ios"
  firebase_analytics:
    :path: ".symlinks/plugins/firebase_analytics/ios"
  firebase_auth:
    :path: ".symlinks/plugins/firebase_auth/ios"
  firebase_core:
    :path: ".symlinks/plugins/firebase_core/ios"
  firebase_database:
    :path: ".symlinks/plugins/firebase_database/ios"
  firebase_dynamic_links:
    :path: ".symlinks/plugins/firebase_dynamic_links/ios"
  firebase_storage:
    :path: ".symlinks/plugins/firebase_storage/ios"
  Flutter:
    :path: Flutter
  flutter_facebook_auth:
    :path: ".symlinks/plugins/flutter_facebook_auth/ios"
  flutter_keyboard_visibility:
    :path: ".symlinks/plugins/flutter_keyboard_visibility/ios"
  flutter_native_splash:
    :path: ".symlinks/plugins/flutter_native_splash/ios"
  flutter_webview_plugin:
    :path: ".symlinks/plugins/flutter_webview_plugin/ios"
  fluttertoast:
    :path: ".symlinks/plugins/fluttertoast/ios"
  google_mobile_ads:
    :path: ".symlinks/plugins/google_mobile_ads/ios"
  google_sign_in_ios:
    :path: ".symlinks/plugins/google_sign_in_ios/ios"
  image_picker_ios:
    :path: ".symlinks/plugins/image_picker_ios/ios"
  in_app_purchase_storekit:
    :path: ".symlinks/plugins/in_app_purchase_storekit/ios"
  in_app_review:
    :path: ".symlinks/plugins/in_app_review/ios"
  local_auth_ios:
    :path: ".symlinks/plugins/local_auth_ios/ios"
  package_info_plus:
    :path: ".symlinks/plugins/package_info_plus/ios"
  pasteboard:
    :path: ".symlinks/plugins/pasteboard/ios"
  path_provider_foundation:
    :path: ".symlinks/plugins/path_provider_foundation/ios"
  share_plus:
    :path: ".symlinks/plugins/share_plus/ios"
  shared_preferences_foundation:
    :path: ".symlinks/plugins/shared_preferences_foundation/ios"
  sign_in_with_apple:
    :path: ".symlinks/plugins/sign_in_with_apple/ios"
  sqflite:
    :path: ".symlinks/plugins/sqflite/ios"
  twitter_login:
    :path: ".symlinks/plugins/twitter_login/ios"
  url_launcher_ios:
    :path: ".symlinks/plugins/url_launcher_ios/ios"
  video_player_avfoundation:
    :path: ".symlinks/plugins/video_player_avfoundation/ios"
  webview_flutter_wkwebview:
    :path: ".symlinks/plugins/webview_flutter_wkwebview/ios"

SPEC CHECKSUMS:
  abseil: ebe5b5529fb05d93a8bdb7951607be08b7fa71bc
  AppAuth: 8fca6b5563a5baef2c04bee27538025e4ceb2add
  BoringSSL-GRPC: 3175b25143e648463a56daeaaa499c6cb86dad33
  cloud_firestore: 84f58b426bd8d21a22c4b19d9d18028fc4ff3eb1
  desktop_webview_auth: d645139460ef203d50bd0cdb33356785dd939cce
  device_info_plus: e5c5da33f982a436e103237c0c85f9031142abed
  edge_detection: fa02aa120e00d87ada0ca2430b6c6087a501b1e9
  FBAEMKit: a899515e45476027f73aef377b5cffadcd56ca3a
  FBSDKCoreKit: 24f8bc8d3b5b2a8c5c656a1329492a12e8efa792
  FBSDKCoreKit_Basics: 6e578c9bdc7aa1365dbbbde633c9ebb536bcaa98
  FBSDKLoginKit: 787de205d524c3a4b17d527916f1d066e4361660
  Firebase: 0219acf760880eeec8ce479895bd7767466d9f81
  firebase_analytics: 8954db5c9b63075214fa1b3ad2cdced9646f45a0
  firebase_auth: 5984ebaf5463319e304ab1c0966b06994bd1c69a
  firebase_core: d85432877e814811e040e7659f9c82faeab66e04
  firebase_database: 7dfac1ef83539a3716784b11f4d72d077c3464c2
  firebase_dynamic_links: eb6716a5419a7b1ad5ef4860c84290c48a30be91
  firebase_storage: 3419feab3ca832a07bdff5307477e0b9d20eb5f8
  FirebaseAnalytics: f8133442ee6f8512e28ff19e62ce15398bfaeace
  FirebaseAppCheckInterop: 8e907eea79958960a8bd2058e067f31e03a7914b
  FirebaseAuth: dd64c01631df724b09f33e584625775c52f7d71f
  FirebaseAuthInterop: 46201190fe90ef1f581513eb0f9fa3d7820e7d6d
  FirebaseCore: e317665b9d744727a97e623edbbed009320afdd7
  FirebaseCoreExtension: f17247ba8c61e4d3c8d136b5e2de3cb4ac6a85b6
  FirebaseCoreInternal: 8845798510aae74703467480f71ac613788d0696
  FirebaseDatabase: 06195bac336b5e4c893ec04a111631a4cdb00178
  FirebaseDynamicLinks: 16a8fae3697fba66fed7a1d646fe59f30d42aa31
  FirebaseFirestore: 3963a6edd1c84b4748dab3e2c62624a29d03eca1
  FirebaseInstallations: 59c0e4c7a816a0f76710d83f77e5369b3e45eb96
  FirebaseStorage: 4841efa304543e1f9e4ca116c559c7a1ea2a9d0f
  Flutter: f04841e97a9d0b0a8025694d0796dd46242b2854
  flutter_facebook_auth: 361ac7a57263ebf327f26089507ead0d66558ee8
  flutter_keyboard_visibility: 0339d06371254c3eb25eeb90ba8d17dca8f9c069
  flutter_native_splash: 52501b97d1c0a5f898d687f1646226c1f93c56ef
  flutter_webview_plugin: ed9e8a6a96baf0c867e90e1bce2673913eeac694
  fluttertoast: eb263d302cc92e04176c053d2385237e9f43fad0
  FMDB: 2ce00b547f966261cd18927a3ddb07cb6f3db82a
  Google-Mobile-Ads-SDK: 4fe6304b771f8467d29978cb790ec1e56e646946
  google_mobile_ads: 528ab4673c5b5fd36321b7e90fc585064cdbaf2b
  google_sign_in_ios: 1256ff9d941db546373826966720b0c24804bcdd
  GoogleAppMeasurement: fe17c92a32207dd5cdd4e8d742767f2da74857f6
  GoogleSignIn: 5651ce3a61e56ca864160e79b484cd9ed3f49b7a
  GoogleUserMessagingPlatform: 5f8b30daf181805317b6b985bb51c1ff3beca054
  GoogleUtilities: c2bdc4cf2ce786c4d2e6b3bcfd599a25ca78f06f
  "gRPC-C++": 9675f953ace2b3de7c506039d77be1f2e77a8db2
  gRPC-Core: 943e491cb0d45598b0b0eb9e910c88080369290b
  GTMAppAuth: 0ff230db599948a9ad7470ca667337803b3fc4dd
  GTMSessionFetcher: 3a63d75eecd6aa32c2fc79f578064e1214dfdec2
  image_picker_ios: 4a8aadfbb6dc30ad5141a2ce3832af9214a705b5
  in_app_purchase_storekit: 4fb7ee9e824b1f09107fbfbbce8c4b276366dc43
  in_app_review: 318597b3a06c22bb46dc454d56828c85f444f99d
  leveldb-library: 50c7b45cbd7bf543c81a468fe557a16ae3db8729
  Libuv-gRPC: 55e51798e14ef436ad9bc45d12d43b77b49df378
  local_auth_ios: c6cf091ded637a88f24f86a8875d8b0f526e2605
  nanopb: b552cce312b6c8484180ef47159bc0f65a1f0431
  package_info_plus: 6c92f08e1f853dc01228d6f553146438dafcd14e
  pasteboard: 982969ebaa7c78af3e6cc7761e8f5e77565d9ce0
  path_provider_foundation: c68054786f1b4f3343858c1e1d0caaded73f0be9
  PromisesObjC: 09985d6d70fbe7878040aa746d78236e6946d2ef
  share_plus: 056a1e8ac890df3e33cb503afffaf1e9b4fbae68
  shared_preferences_foundation: 986fc17f3d3251412d18b0265f9c64113a8c2472
  sign_in_with_apple: f3bf75217ea4c2c8b91823f225d70230119b8440
  sqflite: 6d358c025f5b867b29ed92fc697fd34924e11904
  Toast: 91b396c56ee72a5790816f40d3a94dd357abc196
  twitter_login: 2794db69b7640681171b17b3c2c84ad9dfb4a57f
  url_launcher_ios: 08a3dfac5fb39e8759aeb0abbd5d9480f30fc8b4
  video_player_avfoundation: 81e49bb3d9fb63dccf9fa0f6d877dc3ddbeac126
  webview_flutter_wkwebview: 2e2d318f21a5e036e2c3f26171342e95908bd60a
  WeScan: fed582f6c38014d529afb5aa9ffd1bad38fc72b7

PODFILE CHECKSUM: 7368163408c647b7eb699d0d788ba6718e18fb8d

COCOAPODS: 1.12.0
